Microsoft Visual Studio Solution File, Format Version 12.00
# Visual Studio Version 17
VisualStudioVersion = 17.5.33627.172
MinimumVisualStudioVersion = 10.0.40219.1
Project("{9A19103F-16F7-4668-BE54-9A1E7A4F7556}") = "humanizer-playground", "syntax-sugar\humanizer\humanizer-playground.csproj", "{15120ABF-33BF-4A08-8479-10D83A3092F6}"
EndProject
Project("{9A19103F-16F7-4668-BE54-9A1E7A4F7556}") = "flurl-http-playground", "http-client\flurl-http\flurl-http-playground.csproj", "{1A3BA5C3-B6AA-4165-BC62-7DF4936B76CF}"
EndProject
Project("{9A19103F-16F7-4668-BE54-9A1E7A4F7556}") = "mustache-playground", "template-engine\Mustache\mustache-playground.csproj", "{A325627B-86F6-4CC1-83EA-D6ADF0FF4B2E}"
EndProject
Project("{9A19103F-16F7-4668-BE54-9A1E7A4F7556}") = "liquid-playground", "template-engine\Liquid\liquid-playground.csproj", "{EB438FF3-02D3-44E6-A572-A60C000C0A54}"
EndProject
Project("{9A19103F-16F7-4668-BE54-9A1E7A4F7556}") = "nswag-studio-playground", "http-client\nswag-studio\nswag-studio-playground.csproj", "{3B656115-804A-429D-93F9-525607E1F984}"
EndProject
Project("{9A19103F-16F7-4668-BE54-9A1E7A4F7556}") = "maestria-extensions-playground", "syntax-sugar\maestria-extensions\maestria-extensions-playground.csproj", "{337F3867-1D93-4959-9310-DEC3F79FA8C2}"
EndProject
Project("{9A19103F-16F7-4668-BE54-9A1E7A4F7556}") = "maestria-fluent-cast-playground", "syntax-sugar\maestria-fluent-cast\maestria-fluent-cast-playground.csproj", "{86A8AC7B-AB66-4558-A208-3A18EEB503C7}"
EndProject
Project("{9A19103F-16F7-4668-BE54-9A1E7A4F7556}") = "polly-playground", "miscellaneous\polly\polly-playground.csproj", "{50896C2E-2887-4ED8-B907-66BBB29E505D}"
EndProject
Project("{2150E333-8FDC-42A3-9474-1A3956D46DE8}") = "Solution Items", "Solution Items", "{2D2C6443-F1B1-46DF-874F-BEFD6C5AEDBB}"
	ProjectSection(SolutionItems) = preProject
		.gitignore = .gitignore
		README.md = README.md
	EndProjectSection
EndProject
Project("{2150E333-8FDC-42A3-9474-1A3956D46DE8}") = "syntax-sugar", "syntax-sugar", "{EC7CA729-A36C-4C7B-8689-431B062BF0DE}"
EndProject
Project("{2150E333-8FDC-42A3-9474-1A3956D46DE8}") = "http-client", "http-client", "{4B49AAFF-235A-4D91-BC9F-D51FFEF6D3E5}"
EndProject
Project("{2150E333-8FDC-42A3-9474-1A3956D46DE8}") = "template-engine", "template-engine", "{EDEA9239-750D-46D1-BC49-B63948061B2B}"
EndProject
Project("{2150E333-8FDC-42A3-9474-1A3956D46DE8}") = "source-generator", "source-generator", "{A17D3E48-A0CD-48F8-B73A-52B36F0C2F9C}"
EndProject
Project("{2150E333-8FDC-42A3-9474-1A3956D46DE8}") = "miscellaneous", "miscellaneous", "{FD7F4DC8-9C67-4E66-BD16-9745CDE2C93A}"
EndProject
Project("{2150E333-8FDC-42A3-9474-1A3956D46DE8}") = "logs", "logs", "{FAD75C27-6A4D-4C6B-B5F0-8E60005D8CEB}"
	ProjectSection(SolutionItems) = preProject
		logs\README.md = logs\README.md
	EndProjectSection
EndProject
Project("{9A19103F-16F7-4668-BE54-9A1E7A4F7556}") = "nlog-playground", "logs\NLog\nlog-playground.csproj", "{89256F64-BFF3-4F52-BF58-49F8C3AE7A7E}"
EndProject
Project("{9A19103F-16F7-4668-BE54-9A1E7A4F7556}") = "microsoft-logging-playground", "logs\microsoft-logging\microsoft-logging-playground.csproj", "{32E37ECF-DFA0-4D5C-89F5-4136B466A322}"
EndProject
Project("{9A19103F-16F7-4668-BE54-9A1E7A4F7556}") = "log4net-playgroud", "logs\log4net\log4net-playgroud.csproj", "{0B035BEC-7492-4D1D-90FE-FEB6CD681900}"
EndProject
Project("{9A19103F-16F7-4668-BE54-9A1E7A4F7556}") = "serilog-playground", "logs\Serilog\serilog-playground.csproj", "{73A41427-9EDF-4A24-B145-86BA6799F014}"
EndProject
Project("{2150E333-8FDC-42A3-9474-1A3956D46DE8}") = "scheduler", "scheduler", "{4FDCC2A0-46DC-11EC-BC3E-AF7DFFB3ECD5}"
EndProject
Project("{9A19103F-16F7-4668-BE54-9A1E7A4F7556}") = "quartz-playground", "scheduler\quartz\quartz-playground.csproj", "{A791365C-04A4-4064-AE95-F4974BB8CB34}"
EndProject
Project("{2150E333-8FDC-42A3-9474-1A3956D46DE8}") = "command-line-interface", "command-line-interface", "{C0023841-3C73-40CE-AE16-F83C512781AE}"
EndProject
Project("{9A19103F-16F7-4668-BE54-9A1E7A4F7556}") = "command-line-parser-playground", "command-line-interface\command-line-parser\command-line-parser-playground.csproj", "{7FEC01F2-B120-4628-90E3-1642BBDEC54B}"
EndProject
Project("{9A19103F-16F7-4668-BE54-9A1E7A4F7556}") = "command-line-utils-playground", "command-line-interface\command-line-utils\command-line-utils-playground.csproj", "{871A5CC1-7014-4B69-96E6-4711509EB077}"
EndProject
Project("{2150E333-8FDC-42A3-9474-1A3956D46DE8}") = "data-mapper", "data-mapper", "{16A3FA93-D130-41CD-9797-FFB5F8F9DD0C}"
EndProject
Project("{9A19103F-16F7-4668-BE54-9A1E7A4F7556}") = "auto-mapper-playground", "data-mapper\auto-mapper\auto-mapper-playground.csproj", "{117AFD3B-73FB-41F3-99F5-DCDD355CF4A2}"
EndProject
Project("{9A19103F-16F7-4668-BE54-9A1E7A4F7556}") = "mapster-playground", "data-mapper\Mapster\mapster-playground.csproj", "{DC618915-FC83-4108-B7B7-6A19D7C8A3AA}"
EndProject
Project("{9A19103F-16F7-4668-BE54-9A1E7A4F7556}") = "microsoft-logging-web-api-playground", "logs\microsoft-logging-web-api\microsoft-logging-web-api-playground.csproj", "{4D6B23C5-CB86-4D8B-8C7F-847E2067D733}"
EndProject
Project("{2150E333-8FDC-42A3-9474-1A3956D46DE8}") = "redis", "redis", "{C7150475-976A-4735-A547-6E709C701190}"
	ProjectSection(SolutionItems) = preProject
		redis\README.md = redis\README.md
	EndProjectSection
EndProject
Project("{9A19103F-16F7-4668-BE54-9A1E7A4F7556}") = "basic-redis-playground", "redis\basic\basic-redis-playground.csproj", "{BE981402-3796-4448-B26E-463D13684770}"
EndProject
Project("{9A19103F-16F7-4668-BE54-9A1E7A4F7556}") = "multi-thread-redis-playground", "redis\multi-thread\multi-thread-redis-playground.csproj", "{5827494C-8D7E-4C2C-BB7A-97A00B871804}"
EndProject
Project("{9A19103F-16F7-4668-BE54-9A1E7A4F7556}") = "refit-playground", "http-client\refit\refit-playground.csproj", "{1E0E16ED-1128-4D12-AB46-CA7DD1742499}"
EndProject
Project("{9A19103F-16F7-4668-BE54-9A1E7A4F7556}") = "data-builder-generator-playground", "source-generator\data-builder-generator\data-builder-generator-playground.csproj", "{79DE4D00-0DB0-4DAE-9606-6DDBC692AA24}"
EndProject
Project("{9A19103F-16F7-4668-BE54-9A1E7A4F7556}") = "maestria-type-providers-playground", "source-generator\maestria-type-providers\maestria-type-providers-playground.csproj", "{13A614F9-6617-40FC-8A5B-86E900A7F248}"
EndProject
Project("{9A19103F-16F7-4668-BE54-9A1E7A4F7556}") = "primary-constructor-playground", "source-generator\primary-constructor\primary-constructor-playground.csproj", "{2265A324-3E0D-4A1E-A89D-B8D9CCA6BCF5}"
EndProject
Project("{9A19103F-16F7-4668-BE54-9A1E7A4F7556}") = "fluent-date-time-playground", "syntax-sugar\fluent-date-time\fluent-date-time-playground.csproj", "{692B2495-5385-47CC-8290-04F682EF9077}"
EndProject
Project("{2150E333-8FDC-42A3-9474-1A3956D46DE8}") = "proxies", "proxies", "{A9E3DA5C-CDE6-4E82-A6AC-18183A792FED}"
EndProject
Project("{9A19103F-16F7-4668-BE54-9A1E7A4F7556}") = "microsoft-logging-to-nlog-playground", "logs\proxies\microsoft-logging-to-nlog\microsoft-logging-to-nlog-playground.csproj", "{BA209015-FCA4-4762-A706-9B90289D258B}"
EndProject
Project("{9A19103F-16F7-4668-BE54-9A1E7A4F7556}") = "microsoft-logging-to-serilog-playground", "logs\proxies\microsoft-logging-to-serilog\microsoft-logging-to-serilog-playground.csproj", "{E2A074B9-FDEC-4252-AC42-42C7BC72ACCA}"
EndProject
Project("{2150E333-8FDC-42A3-9474-1A3956D46DE8}") = "caching", "caching", "{37DF32A2-87F6-4633-950D-EFF448A1174C}"
EndProject
Project("{9A19103F-16F7-4668-BE54-9A1E7A4F7556}") = "cache-manager-playground", "caching\cache-manager\cache-manager-playground.csproj", "{E961A139-6E1F-4EE2-8178-EC2C08EFC215}"
EndProject
Project("{2150E333-8FDC-42A3-9474-1A3956D46DE8}") = "orm", "orm", "{13F2DFB5-D19C-483D-8EC0-E54392A6F040}"
EndProject
Project("{9A19103F-16F7-4668-BE54-9A1E7A4F7556}") = "efcore-zextensions-playground", "orm\efcore-zextensions\efcore-zextensions-playground.csproj", "{8E638162-0200-41AA-948F-97D798CA5580}"
EndProject
Project("{9A19103F-16F7-4668-BE54-9A1E7A4F7556}") = "nhibernate-playground", "orm\nhibernate\nhibernate-playground.csproj", "{6E62B8AC-318C-478D-8292-96A45CFD4F3A}"
EndProject
Project("{2150E333-8FDC-42A3-9474-1A3956D46DE8}") = "relational-databases", "relational-databases", "{D7ABB895-D2DB-4A6D-8955-36F92E077C07}"
EndProject
Project("{9A19103F-16F7-4668-BE54-9A1E7A4F7556}") = "postgresql-benchmark-playground", "relational-databases\postgresql-benchmark\postgresql-benchmark-playground.csproj", "{02B4E892-A352-4BC0-8123-443DDCFD3830}"
EndProject
Project("{9A19103F-16F7-4668-BE54-9A1E7A4F7556}") = "fluent-validation-playground", "miscellaneous\fluent-validation\fluent-validation-playground.csproj", "{1C2F3F91-FCA6-4E44-9AE9-AE7DEF626301}"
EndProject
Project("{9A19103F-16F7-4668-BE54-9A1E7A4F7556}") = "miscellaneous-features-playground", "miscellaneous\miscellaneous-features\miscellaneous-features-playground.csproj", "{AA9C6D9D-3EF4-45B2-8306-6280FA0F8203}"
EndProject
Project("{2150E333-8FDC-42A3-9474-1A3956D46DE8}") = "benchmarks", "benchmarks", "{23C0A860-7CE2-4E00-8A22-3833A240487B}"
EndProject
Project("{9A19103F-16F7-4668-BE54-9A1E7A4F7556}") = "microsoft-logging-benchmark-playground", "logs\benchmarks\microsoft-logging-benchmark\microsoft-logging-benchmark-playground.csproj", "{AB2980B5-8C08-4272-BCE3-139783CA9028}"
EndProject
Project("{2150E333-8FDC-42A3-9474-1A3956D46DE8}") = "telemetry", "telemetry", "{EAC9F6F0-2E5B-48B6-8AE9-8627E1455372}"
	ProjectSection(SolutionItems) = preProject
		telemetry\README.md = telemetry\README.md
	EndProjectSection
EndProject
Project("{9A19103F-16F7-4668-BE54-9A1E7A4F7556}") = "jaeger-console-playground", "telemetry\jaeger-console\jaeger-console-playground.csproj", "{A3E43750-90FF-4DE8-9FB6-A290AD1CF16F}"
EndProject
Project("{9A19103F-16F7-4668-BE54-9A1E7A4F7556}") = "jaeger-web-api-playground", "telemetry\jaeger-web-api\jaeger-web-api-playground.csproj", "{3A901C6A-35D5-442A-8058-A200F7A35FB4}"
EndProject
Project("{9A19103F-16F7-4668-BE54-9A1E7A4F7556}") = "open-telemetry-console-playground", "telemetry\open-telemetry-console\open-telemetry-console-playground.csproj", "{A47E4687-D5E3-435B-AD0B-4C780A09494B}"
EndProject
Project("{9A19103F-16F7-4668-BE54-9A1E7A4F7556}") = "open-telemetry-web-api-playground", "telemetry\open-telemetry-web-api\open-telemetry-web-api-playground.csproj", "{571E2B7D-0D76-441F-AB46-736E79680562}"
EndProject
Global
	GlobalSection(SolutionConfigurationPlatforms) = preSolution
		Debug|Any CPU = Debug|Any CPU
		Debug|x64 = Debug|x64
		Debug|x86 = Debug|x86
		Release|Any CPU = Release|Any CPU
		Release|x64 = Release|x64
		Release|x86 = Release|x86
	EndGlobalSection
	GlobalSection(ProjectConfigurationPlatforms) = postSolution
		{15120ABF-33BF-4A08-8479-10D83A3092F6}.Debug|Any CPU.ActiveCfg = Debug|Any CPU
		{15120ABF-33BF-4A08-8479-10D83A3092F6}.Debug|Any CPU.Build.0 = Debug|Any CPU
		{15120ABF-33BF-4A08-8479-10D83A3092F6}.Debug|x64.ActiveCfg = Debug|Any CPU
		{15120ABF-33BF-4A08-8479-10D83A3092F6}.Debug|x64.Build.0 = Debug|Any CPU
		{15120ABF-33BF-4A08-8479-10D83A3092F6}.Debug|x86.ActiveCfg = Debug|Any CPU
		{15120ABF-33BF-4A08-8479-10D83A3092F6}.Debug|x86.Build.0 = Debug|Any CPU
		{15120ABF-33BF-4A08-8479-10D83A3092F6}.Release|Any CPU.ActiveCfg = Release|Any CPU
		{15120ABF-33BF-4A08-8479-10D83A3092F6}.Release|Any CPU.Build.0 = Release|Any CPU
		{15120ABF-33BF-4A08-8479-10D83A3092F6}.Release|x64.ActiveCfg = Release|Any CPU
		{15120ABF-33BF-4A08-8479-10D83A3092F6}.Release|x64.Build.0 = Release|Any CPU
		{15120ABF-33BF-4A08-8479-10D83A3092F6}.Release|x86.ActiveCfg = Release|Any CPU
		{15120ABF-33BF-4A08-8479-10D83A3092F6}.Release|x86.Build.0 = Release|Any CPU
		{1A3BA5C3-B6AA-4165-BC62-7DF4936B76CF}.Debug|Any CPU.ActiveCfg = Debug|Any CPU
		{1A3BA5C3-B6AA-4165-BC62-7DF4936B76CF}.Debug|Any CPU.Build.0 = Debug|Any CPU
		{1A3BA5C3-B6AA-4165-BC62-7DF4936B76CF}.Debug|x64.ActiveCfg = Debug|Any CPU
		{1A3BA5C3-B6AA-4165-BC62-7DF4936B76CF}.Debug|x64.Build.0 = Debug|Any CPU
		{1A3BA5C3-B6AA-4165-BC62-7DF4936B76CF}.Debug|x86.ActiveCfg = Debug|Any CPU
		{1A3BA5C3-B6AA-4165-BC62-7DF4936B76CF}.Debug|x86.Build.0 = Debug|Any CPU
		{1A3BA5C3-B6AA-4165-BC62-7DF4936B76CF}.Release|Any CPU.ActiveCfg = Release|Any CPU
		{1A3BA5C3-B6AA-4165-BC62-7DF4936B76CF}.Release|Any CPU.Build.0 = Release|Any CPU
		{1A3BA5C3-B6AA-4165-BC62-7DF4936B76CF}.Release|x64.ActiveCfg = Release|Any CPU
		{1A3BA5C3-B6AA-4165-BC62-7DF4936B76CF}.Release|x64.Build.0 = Release|Any CPU
		{1A3BA5C3-B6AA-4165-BC62-7DF4936B76CF}.Release|x86.ActiveCfg = Release|Any CPU
		{1A3BA5C3-B6AA-4165-BC62-7DF4936B76CF}.Release|x86.Build.0 = Release|Any CPU
		{A325627B-86F6-4CC1-83EA-D6ADF0FF4B2E}.Debug|Any CPU.ActiveCfg = Debug|Any CPU
		{A325627B-86F6-4CC1-83EA-D6ADF0FF4B2E}.Debug|Any CPU.Build.0 = Debug|Any CPU
		{A325627B-86F6-4CC1-83EA-D6ADF0FF4B2E}.Debug|x64.ActiveCfg = Debug|Any CPU
		{A325627B-86F6-4CC1-83EA-D6ADF0FF4B2E}.Debug|x64.Build.0 = Debug|Any CPU
		{A325627B-86F6-4CC1-83EA-D6ADF0FF4B2E}.Debug|x86.ActiveCfg = Debug|Any CPU
		{A325627B-86F6-4CC1-83EA-D6ADF0FF4B2E}.Debug|x86.Build.0 = Debug|Any CPU
		{A325627B-86F6-4CC1-83EA-D6ADF0FF4B2E}.Release|Any CPU.ActiveCfg = Release|Any CPU
		{A325627B-86F6-4CC1-83EA-D6ADF0FF4B2E}.Release|Any CPU.Build.0 = Release|Any CPU
		{A325627B-86F6-4CC1-83EA-D6ADF0FF4B2E}.Release|x64.ActiveCfg = Release|Any CPU
		{A325627B-86F6-4CC1-83EA-D6ADF0FF4B2E}.Release|x64.Build.0 = Release|Any CPU
		{A325627B-86F6-4CC1-83EA-D6ADF0FF4B2E}.Release|x86.ActiveCfg = Release|Any CPU
		{A325627B-86F6-4CC1-83EA-D6ADF0FF4B2E}.Release|x86.Build.0 = Release|Any CPU
		{EB438FF3-02D3-44E6-A572-A60C000C0A54}.Debug|Any CPU.ActiveCfg = Debug|Any CPU
		{EB438FF3-02D3-44E6-A572-A60C000C0A54}.Debug|Any CPU.Build.0 = Debug|Any CPU
		{EB438FF3-02D3-44E6-A572-A60C000C0A54}.Debug|x64.ActiveCfg = Debug|Any CPU
		{EB438FF3-02D3-44E6-A572-A60C000C0A54}.Debug|x64.Build.0 = Debug|Any CPU
		{EB438FF3-02D3-44E6-A572-A60C000C0A54}.Debug|x86.ActiveCfg = Debug|Any CPU
		{EB438FF3-02D3-44E6-A572-A60C000C0A54}.Debug|x86.Build.0 = Debug|Any CPU
		{EB438FF3-02D3-44E6-A572-A60C000C0A54}.Release|Any CPU.ActiveCfg = Release|Any CPU
		{EB438FF3-02D3-44E6-A572-A60C000C0A54}.Release|Any CPU.Build.0 = Release|Any CPU
		{EB438FF3-02D3-44E6-A572-A60C000C0A54}.Release|x64.ActiveCfg = Release|Any CPU
		{EB438FF3-02D3-44E6-A572-A60C000C0A54}.Release|x64.Build.0 = Release|Any CPU
		{EB438FF3-02D3-44E6-A572-A60C000C0A54}.Release|x86.ActiveCfg = Release|Any CPU
		{EB438FF3-02D3-44E6-A572-A60C000C0A54}.Release|x86.Build.0 = Release|Any CPU
		{3B656115-804A-429D-93F9-525607E1F984}.Debug|Any CPU.ActiveCfg = Debug|Any CPU
		{3B656115-804A-429D-93F9-525607E1F984}.Debug|Any CPU.Build.0 = Debug|Any CPU
		{3B656115-804A-429D-93F9-525607E1F984}.Debug|x64.ActiveCfg = Debug|Any CPU
		{3B656115-804A-429D-93F9-525607E1F984}.Debug|x64.Build.0 = Debug|Any CPU
		{3B656115-804A-429D-93F9-525607E1F984}.Debug|x86.ActiveCfg = Debug|Any CPU
		{3B656115-804A-429D-93F9-525607E1F984}.Debug|x86.Build.0 = Debug|Any CPU
		{3B656115-804A-429D-93F9-525607E1F984}.Release|Any CPU.ActiveCfg = Release|Any CPU
		{3B656115-804A-429D-93F9-525607E1F984}.Release|Any CPU.Build.0 = Release|Any CPU
		{3B656115-804A-429D-93F9-525607E1F984}.Release|x64.ActiveCfg = Release|Any CPU
		{3B656115-804A-429D-93F9-525607E1F984}.Release|x64.Build.0 = Release|Any CPU
		{3B656115-804A-429D-93F9-525607E1F984}.Release|x86.ActiveCfg = Release|Any CPU
		{3B656115-804A-429D-93F9-525607E1F984}.Release|x86.Build.0 = Release|Any CPU
		{337F3867-1D93-4959-9310-DEC3F79FA8C2}.Debug|Any CPU.ActiveCfg = Debug|Any CPU
		{337F3867-1D93-4959-9310-DEC3F79FA8C2}.Debug|Any CPU.Build.0 = Debug|Any CPU
		{337F3867-1D93-4959-9310-DEC3F79FA8C2}.Debug|x64.ActiveCfg = Debug|Any CPU
		{337F3867-1D93-4959-9310-DEC3F79FA8C2}.Debug|x64.Build.0 = Debug|Any CPU
		{337F3867-1D93-4959-9310-DEC3F79FA8C2}.Debug|x86.ActiveCfg = Debug|Any CPU
		{337F3867-1D93-4959-9310-DEC3F79FA8C2}.Debug|x86.Build.0 = Debug|Any CPU
		{337F3867-1D93-4959-9310-DEC3F79FA8C2}.Release|Any CPU.ActiveCfg = Release|Any CPU
		{337F3867-1D93-4959-9310-DEC3F79FA8C2}.Release|Any CPU.Build.0 = Release|Any CPU
		{337F3867-1D93-4959-9310-DEC3F79FA8C2}.Release|x64.ActiveCfg = Release|Any CPU
		{337F3867-1D93-4959-9310-DEC3F79FA8C2}.Release|x64.Build.0 = Release|Any CPU
		{337F3867-1D93-4959-9310-DEC3F79FA8C2}.Release|x86.ActiveCfg = Release|Any CPU
		{337F3867-1D93-4959-9310-DEC3F79FA8C2}.Release|x86.Build.0 = Release|Any CPU
		{86A8AC7B-AB66-4558-A208-3A18EEB503C7}.Debug|Any CPU.ActiveCfg = Debug|Any CPU
		{86A8AC7B-AB66-4558-A208-3A18EEB503C7}.Debug|Any CPU.Build.0 = Debug|Any CPU
		{86A8AC7B-AB66-4558-A208-3A18EEB503C7}.Debug|x64.ActiveCfg = Debug|Any CPU
		{86A8AC7B-AB66-4558-A208-3A18EEB503C7}.Debug|x64.Build.0 = Debug|Any CPU
		{86A8AC7B-AB66-4558-A208-3A18EEB503C7}.Debug|x86.ActiveCfg = Debug|Any CPU
		{86A8AC7B-AB66-4558-A208-3A18EEB503C7}.Debug|x86.Build.0 = Debug|Any CPU
		{86A8AC7B-AB66-4558-A208-3A18EEB503C7}.Release|Any CPU.ActiveCfg = Release|Any CPU
		{86A8AC7B-AB66-4558-A208-3A18EEB503C7}.Release|Any CPU.Build.0 = Release|Any CPU
		{86A8AC7B-AB66-4558-A208-3A18EEB503C7}.Release|x64.ActiveCfg = Release|Any CPU
		{86A8AC7B-AB66-4558-A208-3A18EEB503C7}.Release|x64.Build.0 = Release|Any CPU
		{86A8AC7B-AB66-4558-A208-3A18EEB503C7}.Release|x86.ActiveCfg = Release|Any CPU
		{86A8AC7B-AB66-4558-A208-3A18EEB503C7}.Release|x86.Build.0 = Release|Any CPU
		{50896C2E-2887-4ED8-B907-66BBB29E505D}.Debug|Any CPU.ActiveCfg = Debug|Any CPU
		{50896C2E-2887-4ED8-B907-66BBB29E505D}.Debug|Any CPU.Build.0 = Debug|Any CPU
		{50896C2E-2887-4ED8-B907-66BBB29E505D}.Debug|x64.ActiveCfg = Debug|Any CPU
		{50896C2E-2887-4ED8-B907-66BBB29E505D}.Debug|x64.Build.0 = Debug|Any CPU
		{50896C2E-2887-4ED8-B907-66BBB29E505D}.Debug|x86.ActiveCfg = Debug|Any CPU
		{50896C2E-2887-4ED8-B907-66BBB29E505D}.Debug|x86.Build.0 = Debug|Any CPU
		{50896C2E-2887-4ED8-B907-66BBB29E505D}.Release|Any CPU.ActiveCfg = Release|Any CPU
		{50896C2E-2887-4ED8-B907-66BBB29E505D}.Release|Any CPU.Build.0 = Release|Any CPU
		{50896C2E-2887-4ED8-B907-66BBB29E505D}.Release|x64.ActiveCfg = Release|Any CPU
		{50896C2E-2887-4ED8-B907-66BBB29E505D}.Release|x64.Build.0 = Release|Any CPU
		{50896C2E-2887-4ED8-B907-66BBB29E505D}.Release|x86.ActiveCfg = Release|Any CPU
		{50896C2E-2887-4ED8-B907-66BBB29E505D}.Release|x86.Build.0 = Release|Any CPU
		{89256F64-BFF3-4F52-BF58-49F8C3AE7A7E}.Debug|Any CPU.ActiveCfg = Debug|Any CPU
		{89256F64-BFF3-4F52-BF58-49F8C3AE7A7E}.Debug|Any CPU.Build.0 = Debug|Any CPU
		{89256F64-BFF3-4F52-BF58-49F8C3AE7A7E}.Debug|x64.ActiveCfg = Debug|Any CPU
		{89256F64-BFF3-4F52-BF58-49F8C3AE7A7E}.Debug|x64.Build.0 = Debug|Any CPU
		{89256F64-BFF3-4F52-BF58-49F8C3AE7A7E}.Debug|x86.ActiveCfg = Debug|Any CPU
		{89256F64-BFF3-4F52-BF58-49F8C3AE7A7E}.Debug|x86.Build.0 = Debug|Any CPU
		{89256F64-BFF3-4F52-BF58-49F8C3AE7A7E}.Release|Any CPU.ActiveCfg = Release|Any CPU
		{89256F64-BFF3-4F52-BF58-49F8C3AE7A7E}.Release|Any CPU.Build.0 = Release|Any CPU
		{89256F64-BFF3-4F52-BF58-49F8C3AE7A7E}.Release|x64.ActiveCfg = Release|Any CPU
		{89256F64-BFF3-4F52-BF58-49F8C3AE7A7E}.Release|x64.Build.0 = Release|Any CPU
		{89256F64-BFF3-4F52-BF58-49F8C3AE7A7E}.Release|x86.ActiveCfg = Release|Any CPU
		{89256F64-BFF3-4F52-BF58-49F8C3AE7A7E}.Release|x86.Build.0 = Release|Any CPU
		{32E37ECF-DFA0-4D5C-89F5-4136B466A322}.Debug|Any CPU.ActiveCfg = Debug|Any CPU
		{32E37ECF-DFA0-4D5C-89F5-4136B466A322}.Debug|Any CPU.Build.0 = Debug|Any CPU
		{32E37ECF-DFA0-4D5C-89F5-4136B466A322}.Debug|x64.ActiveCfg = Debug|Any CPU
		{32E37ECF-DFA0-4D5C-89F5-4136B466A322}.Debug|x64.Build.0 = Debug|Any CPU
		{32E37ECF-DFA0-4D5C-89F5-4136B466A322}.Debug|x86.ActiveCfg = Debug|Any CPU
		{32E37ECF-DFA0-4D5C-89F5-4136B466A322}.Debug|x86.Build.0 = Debug|Any CPU
		{32E37ECF-DFA0-4D5C-89F5-4136B466A322}.Release|Any CPU.ActiveCfg = Release|Any CPU
		{32E37ECF-DFA0-4D5C-89F5-4136B466A322}.Release|Any CPU.Build.0 = Release|Any CPU
		{32E37ECF-DFA0-4D5C-89F5-4136B466A322}.Release|x64.ActiveCfg = Release|Any CPU
		{32E37ECF-DFA0-4D5C-89F5-4136B466A322}.Release|x64.Build.0 = Release|Any CPU
		{32E37ECF-DFA0-4D5C-89F5-4136B466A322}.Release|x86.ActiveCfg = Release|Any CPU
		{32E37ECF-DFA0-4D5C-89F5-4136B466A322}.Release|x86.Build.0 = Release|Any CPU
		{0B035BEC-7492-4D1D-90FE-FEB6CD681900}.Debug|Any CPU.ActiveCfg = Debug|Any CPU
		{0B035BEC-7492-4D1D-90FE-FEB6CD681900}.Debug|Any CPU.Build.0 = Debug|Any CPU
		{0B035BEC-7492-4D1D-90FE-FEB6CD681900}.Debug|x64.ActiveCfg = Debug|Any CPU
		{0B035BEC-7492-4D1D-90FE-FEB6CD681900}.Debug|x64.Build.0 = Debug|Any CPU
		{0B035BEC-7492-4D1D-90FE-FEB6CD681900}.Debug|x86.ActiveCfg = Debug|Any CPU
		{0B035BEC-7492-4D1D-90FE-FEB6CD681900}.Debug|x86.Build.0 = Debug|Any CPU
		{0B035BEC-7492-4D1D-90FE-FEB6CD681900}.Release|Any CPU.ActiveCfg = Release|Any CPU
		{0B035BEC-7492-4D1D-90FE-FEB6CD681900}.Release|Any CPU.Build.0 = Release|Any CPU
		{0B035BEC-7492-4D1D-90FE-FEB6CD681900}.Release|x64.ActiveCfg = Release|Any CPU
		{0B035BEC-7492-4D1D-90FE-FEB6CD681900}.Release|x64.Build.0 = Release|Any CPU
		{0B035BEC-7492-4D1D-90FE-FEB6CD681900}.Release|x86.ActiveCfg = Release|Any CPU
		{0B035BEC-7492-4D1D-90FE-FEB6CD681900}.Release|x86.Build.0 = Release|Any CPU
		{73A41427-9EDF-4A24-B145-86BA6799F014}.Debug|Any CPU.ActiveCfg = Debug|Any CPU
		{73A41427-9EDF-4A24-B145-86BA6799F014}.Debug|Any CPU.Build.0 = Debug|Any CPU
		{73A41427-9EDF-4A24-B145-86BA6799F014}.Debug|x64.ActiveCfg = Debug|Any CPU
		{73A41427-9EDF-4A24-B145-86BA6799F014}.Debug|x64.Build.0 = Debug|Any CPU
		{73A41427-9EDF-4A24-B145-86BA6799F014}.Debug|x86.ActiveCfg = Debug|Any CPU
		{73A41427-9EDF-4A24-B145-86BA6799F014}.Debug|x86.Build.0 = Debug|Any CPU
		{73A41427-9EDF-4A24-B145-86BA6799F014}.Release|Any CPU.ActiveCfg = Release|Any CPU
		{73A41427-9EDF-4A24-B145-86BA6799F014}.Release|Any CPU.Build.0 = Release|Any CPU
		{73A41427-9EDF-4A24-B145-86BA6799F014}.Release|x64.ActiveCfg = Release|Any CPU
		{73A41427-9EDF-4A24-B145-86BA6799F014}.Release|x64.Build.0 = Release|Any CPU
		{73A41427-9EDF-4A24-B145-86BA6799F014}.Release|x86.ActiveCfg = Release|Any CPU
		{73A41427-9EDF-4A24-B145-86BA6799F014}.Release|x86.Build.0 = Release|Any CPU
		{A791365C-04A4-4064-AE95-F4974BB8CB34}.Debug|Any CPU.ActiveCfg = Debug|Any CPU
		{A791365C-04A4-4064-AE95-F4974BB8CB34}.Debug|Any CPU.Build.0 = Debug|Any CPU
		{A791365C-04A4-4064-AE95-F4974BB8CB34}.Debug|x64.ActiveCfg = Debug|Any CPU
		{A791365C-04A4-4064-AE95-F4974BB8CB34}.Debug|x64.Build.0 = Debug|Any CPU
		{A791365C-04A4-4064-AE95-F4974BB8CB34}.Debug|x86.ActiveCfg = Debug|Any CPU
		{A791365C-04A4-4064-AE95-F4974BB8CB34}.Debug|x86.Build.0 = Debug|Any CPU
		{A791365C-04A4-4064-AE95-F4974BB8CB34}.Release|Any CPU.ActiveCfg = Release|Any CPU
		{A791365C-04A4-4064-AE95-F4974BB8CB34}.Release|Any CPU.Build.0 = Release|Any CPU
		{A791365C-04A4-4064-AE95-F4974BB8CB34}.Release|x64.ActiveCfg = Release|Any CPU
		{A791365C-04A4-4064-AE95-F4974BB8CB34}.Release|x64.Build.0 = Release|Any CPU
		{A791365C-04A4-4064-AE95-F4974BB8CB34}.Release|x86.ActiveCfg = Release|Any CPU
		{A791365C-04A4-4064-AE95-F4974BB8CB34}.Release|x86.Build.0 = Release|Any CPU
		{7FEC01F2-B120-4628-90E3-1642BBDEC54B}.Debug|Any CPU.ActiveCfg = Debug|Any CPU
		{7FEC01F2-B120-4628-90E3-1642BBDEC54B}.Debug|Any CPU.Build.0 = Debug|Any CPU
		{7FEC01F2-B120-4628-90E3-1642BBDEC54B}.Debug|x64.ActiveCfg = Debug|Any CPU
		{7FEC01F2-B120-4628-90E3-1642BBDEC54B}.Debug|x64.Build.0 = Debug|Any CPU
		{7FEC01F2-B120-4628-90E3-1642BBDEC54B}.Debug|x86.ActiveCfg = Debug|Any CPU
		{7FEC01F2-B120-4628-90E3-1642BBDEC54B}.Debug|x86.Build.0 = Debug|Any CPU
		{7FEC01F2-B120-4628-90E3-1642BBDEC54B}.Release|Any CPU.ActiveCfg = Release|Any CPU
		{7FEC01F2-B120-4628-90E3-1642BBDEC54B}.Release|Any CPU.Build.0 = Release|Any CPU
		{7FEC01F2-B120-4628-90E3-1642BBDEC54B}.Release|x64.ActiveCfg = Release|Any CPU
		{7FEC01F2-B120-4628-90E3-1642BBDEC54B}.Release|x64.Build.0 = Release|Any CPU
		{7FEC01F2-B120-4628-90E3-1642BBDEC54B}.Release|x86.ActiveCfg = Release|Any CPU
		{7FEC01F2-B120-4628-90E3-1642BBDEC54B}.Release|x86.Build.0 = Release|Any CPU
		{871A5CC1-7014-4B69-96E6-4711509EB077}.Debug|Any CPU.ActiveCfg = Debug|Any CPU
		{871A5CC1-7014-4B69-96E6-4711509EB077}.Debug|Any CPU.Build.0 = Debug|Any CPU
		{871A5CC1-7014-4B69-96E6-4711509EB077}.Debug|x64.ActiveCfg = Debug|Any CPU
		{871A5CC1-7014-4B69-96E6-4711509EB077}.Debug|x64.Build.0 = Debug|Any CPU
		{871A5CC1-7014-4B69-96E6-4711509EB077}.Debug|x86.ActiveCfg = Debug|Any CPU
		{871A5CC1-7014-4B69-96E6-4711509EB077}.Debug|x86.Build.0 = Debug|Any CPU
		{871A5CC1-7014-4B69-96E6-4711509EB077}.Release|Any CPU.ActiveCfg = Release|Any CPU
		{871A5CC1-7014-4B69-96E6-4711509EB077}.Release|Any CPU.Build.0 = Release|Any CPU
		{871A5CC1-7014-4B69-96E6-4711509EB077}.Release|x64.ActiveCfg = Release|Any CPU
		{871A5CC1-7014-4B69-96E6-4711509EB077}.Release|x64.Build.0 = Release|Any CPU
		{871A5CC1-7014-4B69-96E6-4711509EB077}.Release|x86.ActiveCfg = Release|Any CPU
		{871A5CC1-7014-4B69-96E6-4711509EB077}.Release|x86.Build.0 = Release|Any CPU
		{117AFD3B-73FB-41F3-99F5-DCDD355CF4A2}.Debug|Any CPU.ActiveCfg = Debug|Any CPU
		{117AFD3B-73FB-41F3-99F5-DCDD355CF4A2}.Debug|Any CPU.Build.0 = Debug|Any CPU
		{117AFD3B-73FB-41F3-99F5-DCDD355CF4A2}.Debug|x64.ActiveCfg = Debug|Any CPU
		{117AFD3B-73FB-41F3-99F5-DCDD355CF4A2}.Debug|x64.Build.0 = Debug|Any CPU
		{117AFD3B-73FB-41F3-99F5-DCDD355CF4A2}.Debug|x86.ActiveCfg = Debug|Any CPU
		{117AFD3B-73FB-41F3-99F5-DCDD355CF4A2}.Debug|x86.Build.0 = Debug|Any CPU
		{117AFD3B-73FB-41F3-99F5-DCDD355CF4A2}.Release|Any CPU.ActiveCfg = Release|Any CPU
		{117AFD3B-73FB-41F3-99F5-DCDD355CF4A2}.Release|Any CPU.Build.0 = Release|Any CPU
		{117AFD3B-73FB-41F3-99F5-DCDD355CF4A2}.Release|x64.ActiveCfg = Release|Any CPU
		{117AFD3B-73FB-41F3-99F5-DCDD355CF4A2}.Release|x64.Build.0 = Release|Any CPU
		{117AFD3B-73FB-41F3-99F5-DCDD355CF4A2}.Release|x86.ActiveCfg = Release|Any CPU
		{117AFD3B-73FB-41F3-99F5-DCDD355CF4A2}.Release|x86.Build.0 = Release|Any CPU
		{DC618915-FC83-4108-B7B7-6A19D7C8A3AA}.Debug|Any CPU.ActiveCfg = Debug|Any CPU
		{DC618915-FC83-4108-B7B7-6A19D7C8A3AA}.Debug|Any CPU.Build.0 = Debug|Any CPU
		{DC618915-FC83-4108-B7B7-6A19D7C8A3AA}.Debug|x64.ActiveCfg = Debug|Any CPU
		{DC618915-FC83-4108-B7B7-6A19D7C8A3AA}.Debug|x64.Build.0 = Debug|Any CPU
		{DC618915-FC83-4108-B7B7-6A19D7C8A3AA}.Debug|x86.ActiveCfg = Debug|Any CPU
		{DC618915-FC83-4108-B7B7-6A19D7C8A3AA}.Debug|x86.Build.0 = Debug|Any CPU
		{DC618915-FC83-4108-B7B7-6A19D7C8A3AA}.Release|Any CPU.ActiveCfg = Release|Any CPU
		{DC618915-FC83-4108-B7B7-6A19D7C8A3AA}.Release|Any CPU.Build.0 = Release|Any CPU
		{DC618915-FC83-4108-B7B7-6A19D7C8A3AA}.Release|x64.ActiveCfg = Release|Any CPU
		{DC618915-FC83-4108-B7B7-6A19D7C8A3AA}.Release|x64.Build.0 = Release|Any CPU
		{DC618915-FC83-4108-B7B7-6A19D7C8A3AA}.Release|x86.ActiveCfg = Release|Any CPU
		{DC618915-FC83-4108-B7B7-6A19D7C8A3AA}.Release|x86.Build.0 = Release|Any CPU
		{4D6B23C5-CB86-4D8B-8C7F-847E2067D733}.Debug|Any CPU.ActiveCfg = Debug|Any CPU
		{4D6B23C5-CB86-4D8B-8C7F-847E2067D733}.Debug|Any CPU.Build.0 = Debug|Any CPU
		{4D6B23C5-CB86-4D8B-8C7F-847E2067D733}.Debug|x64.ActiveCfg = Debug|Any CPU
		{4D6B23C5-CB86-4D8B-8C7F-847E2067D733}.Debug|x64.Build.0 = Debug|Any CPU
		{4D6B23C5-CB86-4D8B-8C7F-847E2067D733}.Debug|x86.ActiveCfg = Debug|Any CPU
		{4D6B23C5-CB86-4D8B-8C7F-847E2067D733}.Debug|x86.Build.0 = Debug|Any CPU
		{4D6B23C5-CB86-4D8B-8C7F-847E2067D733}.Release|Any CPU.ActiveCfg = Release|Any CPU
		{4D6B23C5-CB86-4D8B-8C7F-847E2067D733}.Release|Any CPU.Build.0 = Release|Any CPU
		{4D6B23C5-CB86-4D8B-8C7F-847E2067D733}.Release|x64.ActiveCfg = Release|Any CPU
		{4D6B23C5-CB86-4D8B-8C7F-847E2067D733}.Release|x64.Build.0 = Release|Any CPU
		{4D6B23C5-CB86-4D8B-8C7F-847E2067D733}.Release|x86.ActiveCfg = Release|Any CPU
		{4D6B23C5-CB86-4D8B-8C7F-847E2067D733}.Release|x86.Build.0 = Release|Any CPU
		{BE981402-3796-4448-B26E-463D13684770}.Debug|Any CPU.ActiveCfg = Debug|Any CPU
		{BE981402-3796-4448-B26E-463D13684770}.Debug|Any CPU.Build.0 = Debug|Any CPU
		{BE981402-3796-4448-B26E-463D13684770}.Debug|x64.ActiveCfg = Debug|Any CPU
		{BE981402-3796-4448-B26E-463D13684770}.Debug|x64.Build.0 = Debug|Any CPU
		{BE981402-3796-4448-B26E-463D13684770}.Debug|x86.ActiveCfg = Debug|Any CPU
		{BE981402-3796-4448-B26E-463D13684770}.Debug|x86.Build.0 = Debug|Any CPU
		{BE981402-3796-4448-B26E-463D13684770}.Release|Any CPU.ActiveCfg = Release|Any CPU
		{BE981402-3796-4448-B26E-463D13684770}.Release|Any CPU.Build.0 = Release|Any CPU
		{BE981402-3796-4448-B26E-463D13684770}.Release|x64.ActiveCfg = Release|Any CPU
		{BE981402-3796-4448-B26E-463D13684770}.Release|x64.Build.0 = Release|Any CPU
		{BE981402-3796-4448-B26E-463D13684770}.Release|x86.ActiveCfg = Release|Any CPU
		{BE981402-3796-4448-B26E-463D13684770}.Release|x86.Build.0 = Release|Any CPU
		{5827494C-8D7E-4C2C-BB7A-97A00B871804}.Debug|Any CPU.ActiveCfg = Debug|Any CPU
		{5827494C-8D7E-4C2C-BB7A-97A00B871804}.Debug|Any CPU.Build.0 = Debug|Any CPU
		{5827494C-8D7E-4C2C-BB7A-97A00B871804}.Debug|x64.ActiveCfg = Debug|Any CPU
		{5827494C-8D7E-4C2C-BB7A-97A00B871804}.Debug|x64.Build.0 = Debug|Any CPU
		{5827494C-8D7E-4C2C-BB7A-97A00B871804}.Debug|x86.ActiveCfg = Debug|Any CPU
		{5827494C-8D7E-4C2C-BB7A-97A00B871804}.Debug|x86.Build.0 = Debug|Any CPU
		{5827494C-8D7E-4C2C-BB7A-97A00B871804}.Release|Any CPU.ActiveCfg = Release|Any CPU
		{5827494C-8D7E-4C2C-BB7A-97A00B871804}.Release|Any CPU.Build.0 = Release|Any CPU
		{5827494C-8D7E-4C2C-BB7A-97A00B871804}.Release|x64.ActiveCfg = Release|Any CPU
		{5827494C-8D7E-4C2C-BB7A-97A00B871804}.Release|x64.Build.0 = Release|Any CPU
		{5827494C-8D7E-4C2C-BB7A-97A00B871804}.Release|x86.ActiveCfg = Release|Any CPU
		{5827494C-8D7E-4C2C-BB7A-97A00B871804}.Release|x86.Build.0 = Release|Any CPU
		{1E0E16ED-1128-4D12-AB46-CA7DD1742499}.Debug|Any CPU.ActiveCfg = Debug|Any CPU
		{1E0E16ED-1128-4D12-AB46-CA7DD1742499}.Debug|Any CPU.Build.0 = Debug|Any CPU
		{1E0E16ED-1128-4D12-AB46-CA7DD1742499}.Debug|x64.ActiveCfg = Debug|Any CPU
		{1E0E16ED-1128-4D12-AB46-CA7DD1742499}.Debug|x64.Build.0 = Debug|Any CPU
		{1E0E16ED-1128-4D12-AB46-CA7DD1742499}.Debug|x86.ActiveCfg = Debug|Any CPU
		{1E0E16ED-1128-4D12-AB46-CA7DD1742499}.Debug|x86.Build.0 = Debug|Any CPU
		{1E0E16ED-1128-4D12-AB46-CA7DD1742499}.Release|Any CPU.ActiveCfg = Release|Any CPU
		{1E0E16ED-1128-4D12-AB46-CA7DD1742499}.Release|Any CPU.Build.0 = Release|Any CPU
		{1E0E16ED-1128-4D12-AB46-CA7DD1742499}.Release|x64.ActiveCfg = Release|Any CPU
		{1E0E16ED-1128-4D12-AB46-CA7DD1742499}.Release|x64.Build.0 = Release|Any CPU
		{1E0E16ED-1128-4D12-AB46-CA7DD1742499}.Release|x86.ActiveCfg = Release|Any CPU
		{1E0E16ED-1128-4D12-AB46-CA7DD1742499}.Release|x86.Build.0 = Release|Any CPU
		{79DE4D00-0DB0-4DAE-9606-6DDBC692AA24}.Debug|Any CPU.ActiveCfg = Debug|Any CPU
		{79DE4D00-0DB0-4DAE-9606-6DDBC692AA24}.Debug|Any CPU.Build.0 = Debug|Any CPU
		{79DE4D00-0DB0-4DAE-9606-6DDBC692AA24}.Debug|x64.ActiveCfg = Debug|Any CPU
		{79DE4D00-0DB0-4DAE-9606-6DDBC692AA24}.Debug|x64.Build.0 = Debug|Any CPU
		{79DE4D00-0DB0-4DAE-9606-6DDBC692AA24}.Debug|x86.ActiveCfg = Debug|Any CPU
		{79DE4D00-0DB0-4DAE-9606-6DDBC692AA24}.Debug|x86.Build.0 = Debug|Any CPU
		{79DE4D00-0DB0-4DAE-9606-6DDBC692AA24}.Release|Any CPU.ActiveCfg = Release|Any CPU
		{79DE4D00-0DB0-4DAE-9606-6DDBC692AA24}.Release|Any CPU.Build.0 = Release|Any CPU
		{79DE4D00-0DB0-4DAE-9606-6DDBC692AA24}.Release|x64.ActiveCfg = Release|Any CPU
		{79DE4D00-0DB0-4DAE-9606-6DDBC692AA24}.Release|x64.Build.0 = Release|Any CPU
		{79DE4D00-0DB0-4DAE-9606-6DDBC692AA24}.Release|x86.ActiveCfg = Release|Any CPU
		{79DE4D00-0DB0-4DAE-9606-6DDBC692AA24}.Release|x86.Build.0 = Release|Any CPU
		{13A614F9-6617-40FC-8A5B-86E900A7F248}.Debug|Any CPU.ActiveCfg = Debug|Any CPU
		{13A614F9-6617-40FC-8A5B-86E900A7F248}.Debug|Any CPU.Build.0 = Debug|Any CPU
		{13A614F9-6617-40FC-8A5B-86E900A7F248}.Debug|x64.ActiveCfg = Debug|Any CPU
		{13A614F9-6617-40FC-8A5B-86E900A7F248}.Debug|x64.Build.0 = Debug|Any CPU
		{13A614F9-6617-40FC-8A5B-86E900A7F248}.Debug|x86.ActiveCfg = Debug|Any CPU
		{13A614F9-6617-40FC-8A5B-86E900A7F248}.Debug|x86.Build.0 = Debug|Any CPU
		{13A614F9-6617-40FC-8A5B-86E900A7F248}.Release|Any CPU.ActiveCfg = Release|Any CPU
		{13A614F9-6617-40FC-8A5B-86E900A7F248}.Release|Any CPU.Build.0 = Release|Any CPU
		{13A614F9-6617-40FC-8A5B-86E900A7F248}.Release|x64.ActiveCfg = Release|Any CPU
		{13A614F9-6617-40FC-8A5B-86E900A7F248}.Release|x64.Build.0 = Release|Any CPU
		{13A614F9-6617-40FC-8A5B-86E900A7F248}.Release|x86.ActiveCfg = Release|Any CPU
		{13A614F9-6617-40FC-8A5B-86E900A7F248}.Release|x86.Build.0 = Release|Any CPU
		{2265A324-3E0D-4A1E-A89D-B8D9CCA6BCF5}.Debug|Any CPU.ActiveCfg = Debug|Any CPU
		{2265A324-3E0D-4A1E-A89D-B8D9CCA6BCF5}.Debug|Any CPU.Build.0 = Debug|Any CPU
		{2265A324-3E0D-4A1E-A89D-B8D9CCA6BCF5}.Debug|x64.ActiveCfg = Debug|Any CPU
		{2265A324-3E0D-4A1E-A89D-B8D9CCA6BCF5}.Debug|x64.Build.0 = Debug|Any CPU
		{2265A324-3E0D-4A1E-A89D-B8D9CCA6BCF5}.Debug|x86.ActiveCfg = Debug|Any CPU
		{2265A324-3E0D-4A1E-A89D-B8D9CCA6BCF5}.Debug|x86.Build.0 = Debug|Any CPU
		{2265A324-3E0D-4A1E-A89D-B8D9CCA6BCF5}.Release|Any CPU.ActiveCfg = Release|Any CPU
		{2265A324-3E0D-4A1E-A89D-B8D9CCA6BCF5}.Release|Any CPU.Build.0 = Release|Any CPU
		{2265A324-3E0D-4A1E-A89D-B8D9CCA6BCF5}.Release|x64.ActiveCfg = Release|Any CPU
		{2265A324-3E0D-4A1E-A89D-B8D9CCA6BCF5}.Release|x64.Build.0 = Release|Any CPU
		{2265A324-3E0D-4A1E-A89D-B8D9CCA6BCF5}.Release|x86.ActiveCfg = Release|Any CPU
		{2265A324-3E0D-4A1E-A89D-B8D9CCA6BCF5}.Release|x86.Build.0 = Release|Any CPU
		{692B2495-5385-47CC-8290-04F682EF9077}.Debug|Any CPU.ActiveCfg = Debug|Any CPU
		{692B2495-5385-47CC-8290-04F682EF9077}.Debug|Any CPU.Build.0 = Debug|Any CPU
		{692B2495-5385-47CC-8290-04F682EF9077}.Debug|x64.ActiveCfg = Debug|Any CPU
		{692B2495-5385-47CC-8290-04F682EF9077}.Debug|x64.Build.0 = Debug|Any CPU
		{692B2495-5385-47CC-8290-04F682EF9077}.Debug|x86.ActiveCfg = Debug|Any CPU
		{692B2495-5385-47CC-8290-04F682EF9077}.Debug|x86.Build.0 = Debug|Any CPU
		{692B2495-5385-47CC-8290-04F682EF9077}.Release|Any CPU.ActiveCfg = Release|Any CPU
		{692B2495-5385-47CC-8290-04F682EF9077}.Release|Any CPU.Build.0 = Release|Any CPU
		{692B2495-5385-47CC-8290-04F682EF9077}.Release|x64.ActiveCfg = Release|Any CPU
		{692B2495-5385-47CC-8290-04F682EF9077}.Release|x64.Build.0 = Release|Any CPU
		{692B2495-5385-47CC-8290-04F682EF9077}.Release|x86.ActiveCfg = Release|Any CPU
		{692B2495-5385-47CC-8290-04F682EF9077}.Release|x86.Build.0 = Release|Any CPU
		{BA209015-FCA4-4762-A706-9B90289D258B}.Debug|Any CPU.ActiveCfg = Debug|Any CPU
		{BA209015-FCA4-4762-A706-9B90289D258B}.Debug|Any CPU.Build.0 = Debug|Any CPU
		{BA209015-FCA4-4762-A706-9B90289D258B}.Debug|x64.ActiveCfg = Debug|Any CPU
		{BA209015-FCA4-4762-A706-9B90289D258B}.Debug|x64.Build.0 = Debug|Any CPU
		{BA209015-FCA4-4762-A706-9B90289D258B}.Debug|x86.ActiveCfg = Debug|Any CPU
		{BA209015-FCA4-4762-A706-9B90289D258B}.Debug|x86.Build.0 = Debug|Any CPU
		{BA209015-FCA4-4762-A706-9B90289D258B}.Release|Any CPU.ActiveCfg = Release|Any CPU
		{BA209015-FCA4-4762-A706-9B90289D258B}.Release|Any CPU.Build.0 = Release|Any CPU
		{BA209015-FCA4-4762-A706-9B90289D258B}.Release|x64.ActiveCfg = Release|Any CPU
		{BA209015-FCA4-4762-A706-9B90289D258B}.Release|x64.Build.0 = Release|Any CPU
		{BA209015-FCA4-4762-A706-9B90289D258B}.Release|x86.ActiveCfg = Release|Any CPU
		{BA209015-FCA4-4762-A706-9B90289D258B}.Release|x86.Build.0 = Release|Any CPU
		{E2A074B9-FDEC-4252-AC42-42C7BC72ACCA}.Debug|Any CPU.ActiveCfg = Debug|Any CPU
		{E2A074B9-FDEC-4252-AC42-42C7BC72ACCA}.Debug|Any CPU.Build.0 = Debug|Any CPU
		{E2A074B9-FDEC-4252-AC42-42C7BC72ACCA}.Debug|x64.ActiveCfg = Debug|Any CPU
		{E2A074B9-FDEC-4252-AC42-42C7BC72ACCA}.Debug|x64.Build.0 = Debug|Any CPU
		{E2A074B9-FDEC-4252-AC42-42C7BC72ACCA}.Debug|x86.ActiveCfg = Debug|Any CPU
		{E2A074B9-FDEC-4252-AC42-42C7BC72ACCA}.Debug|x86.Build.0 = Debug|Any CPU
		{E2A074B9-FDEC-4252-AC42-42C7BC72ACCA}.Release|Any CPU.ActiveCfg = Release|Any CPU
		{E2A074B9-FDEC-4252-AC42-42C7BC72ACCA}.Release|Any CPU.Build.0 = Release|Any CPU
		{E2A074B9-FDEC-4252-AC42-42C7BC72ACCA}.Release|x64.ActiveCfg = Release|Any CPU
		{E2A074B9-FDEC-4252-AC42-42C7BC72ACCA}.Release|x64.Build.0 = Release|Any CPU
		{E2A074B9-FDEC-4252-AC42-42C7BC72ACCA}.Release|x86.ActiveCfg = Release|Any CPU
		{E2A074B9-FDEC-4252-AC42-42C7BC72ACCA}.Release|x86.Build.0 = Release|Any CPU
		{E961A139-6E1F-4EE2-8178-EC2C08EFC215}.Debug|Any CPU.ActiveCfg = Debug|Any CPU
		{E961A139-6E1F-4EE2-8178-EC2C08EFC215}.Debug|Any CPU.Build.0 = Debug|Any CPU
		{E961A139-6E1F-4EE2-8178-EC2C08EFC215}.Debug|x64.ActiveCfg = Debug|Any CPU
		{E961A139-6E1F-4EE2-8178-EC2C08EFC215}.Debug|x64.Build.0 = Debug|Any CPU
		{E961A139-6E1F-4EE2-8178-EC2C08EFC215}.Debug|x86.ActiveCfg = Debug|Any CPU
		{E961A139-6E1F-4EE2-8178-EC2C08EFC215}.Debug|x86.Build.0 = Debug|Any CPU
		{E961A139-6E1F-4EE2-8178-EC2C08EFC215}.Release|Any CPU.ActiveCfg = Release|Any CPU
		{E961A139-6E1F-4EE2-8178-EC2C08EFC215}.Release|Any CPU.Build.0 = Release|Any CPU
		{E961A139-6E1F-4EE2-8178-EC2C08EFC215}.Release|x64.ActiveCfg = Release|Any CPU
		{E961A139-6E1F-4EE2-8178-EC2C08EFC215}.Release|x64.Build.0 = Release|Any CPU
		{E961A139-6E1F-4EE2-8178-EC2C08EFC215}.Release|x86.ActiveCfg = Release|Any CPU
		{E961A139-6E1F-4EE2-8178-EC2C08EFC215}.Release|x86.Build.0 = Release|Any CPU
		{8E638162-0200-41AA-948F-97D798CA5580}.Debug|Any CPU.ActiveCfg = Debug|Any CPU
		{8E638162-0200-41AA-948F-97D798CA5580}.Debug|Any CPU.Build.0 = Debug|Any CPU
		{8E638162-0200-41AA-948F-97D798CA5580}.Debug|x64.ActiveCfg = Debug|Any CPU
		{8E638162-0200-41AA-948F-97D798CA5580}.Debug|x64.Build.0 = Debug|Any CPU
		{8E638162-0200-41AA-948F-97D798CA5580}.Debug|x86.ActiveCfg = Debug|Any CPU
		{8E638162-0200-41AA-948F-97D798CA5580}.Debug|x86.Build.0 = Debug|Any CPU
		{8E638162-0200-41AA-948F-97D798CA5580}.Release|Any CPU.ActiveCfg = Release|Any CPU
		{8E638162-0200-41AA-948F-97D798CA5580}.Release|Any CPU.Build.0 = Release|Any CPU
		{8E638162-0200-41AA-948F-97D798CA5580}.Release|x64.ActiveCfg = Release|Any CPU
		{8E638162-0200-41AA-948F-97D798CA5580}.Release|x64.Build.0 = Release|Any CPU
		{8E638162-0200-41AA-948F-97D798CA5580}.Release|x86.ActiveCfg = Release|Any CPU
		{8E638162-0200-41AA-948F-97D798CA5580}.Release|x86.Build.0 = Release|Any CPU
		{6E62B8AC-318C-478D-8292-96A45CFD4F3A}.Debug|Any CPU.ActiveCfg = Debug|Any CPU
		{6E62B8AC-318C-478D-8292-96A45CFD4F3A}.Debug|Any CPU.Build.0 = Debug|Any CPU
		{6E62B8AC-318C-478D-8292-96A45CFD4F3A}.Debug|x64.ActiveCfg = Debug|Any CPU
		{6E62B8AC-318C-478D-8292-96A45CFD4F3A}.Debug|x64.Build.0 = Debug|Any CPU
		{6E62B8AC-318C-478D-8292-96A45CFD4F3A}.Debug|x86.ActiveCfg = Debug|Any CPU
		{6E62B8AC-318C-478D-8292-96A45CFD4F3A}.Debug|x86.Build.0 = Debug|Any CPU
		{6E62B8AC-318C-478D-8292-96A45CFD4F3A}.Release|Any CPU.ActiveCfg = Release|Any CPU
		{6E62B8AC-318C-478D-8292-96A45CFD4F3A}.Release|Any CPU.Build.0 = Release|Any CPU
		{6E62B8AC-318C-478D-8292-96A45CFD4F3A}.Release|x64.ActiveCfg = Release|Any CPU
		{6E62B8AC-318C-478D-8292-96A45CFD4F3A}.Release|x64.Build.0 = Release|Any CPU
		{6E62B8AC-318C-478D-8292-96A45CFD4F3A}.Release|x86.ActiveCfg = Release|Any CPU
		{6E62B8AC-318C-478D-8292-96A45CFD4F3A}.Release|x86.Build.0 = Release|Any CPU
		{02B4E892-A352-4BC0-8123-443DDCFD3830}.Debug|Any CPU.ActiveCfg = Debug|Any CPU
		{02B4E892-A352-4BC0-8123-443DDCFD3830}.Debug|Any CPU.Build.0 = Debug|Any CPU
		{02B4E892-A352-4BC0-8123-443DDCFD3830}.Debug|x64.ActiveCfg = Debug|Any CPU
		{02B4E892-A352-4BC0-8123-443DDCFD3830}.Debug|x64.Build.0 = Debug|Any CPU
		{02B4E892-A352-4BC0-8123-443DDCFD3830}.Debug|x86.ActiveCfg = Debug|Any CPU
		{02B4E892-A352-4BC0-8123-443DDCFD3830}.Debug|x86.Build.0 = Debug|Any CPU
		{02B4E892-A352-4BC0-8123-443DDCFD3830}.Release|Any CPU.ActiveCfg = Release|Any CPU
		{02B4E892-A352-4BC0-8123-443DDCFD3830}.Release|Any CPU.Build.0 = Release|Any CPU
		{02B4E892-A352-4BC0-8123-443DDCFD3830}.Release|x64.ActiveCfg = Release|Any CPU
		{02B4E892-A352-4BC0-8123-443DDCFD3830}.Release|x64.Build.0 = Release|Any CPU
		{02B4E892-A352-4BC0-8123-443DDCFD3830}.Release|x86.ActiveCfg = Release|Any CPU
		{02B4E892-A352-4BC0-8123-443DDCFD3830}.Release|x86.Build.0 = Release|Any CPU
		{1C2F3F91-FCA6-4E44-9AE9-AE7DEF626301}.Debug|Any CPU.ActiveCfg = Debug|Any CPU
		{1C2F3F91-FCA6-4E44-9AE9-AE7DEF626301}.Debug|Any CPU.Build.0 = Debug|Any CPU
		{1C2F3F91-FCA6-4E44-9AE9-AE7DEF626301}.Debug|x64.ActiveCfg = Debug|Any CPU
		{1C2F3F91-FCA6-4E44-9AE9-AE7DEF626301}.Debug|x64.Build.0 = Debug|Any CPU
		{1C2F3F91-FCA6-4E44-9AE9-AE7DEF626301}.Debug|x86.ActiveCfg = Debug|Any CPU
		{1C2F3F91-FCA6-4E44-9AE9-AE7DEF626301}.Debug|x86.Build.0 = Debug|Any CPU
		{1C2F3F91-FCA6-4E44-9AE9-AE7DEF626301}.Release|Any CPU.ActiveCfg = Release|Any CPU
		{1C2F3F91-FCA6-4E44-9AE9-AE7DEF626301}.Release|Any CPU.Build.0 = Release|Any CPU
		{1C2F3F91-FCA6-4E44-9AE9-AE7DEF626301}.Release|x64.ActiveCfg = Release|Any CPU
		{1C2F3F91-FCA6-4E44-9AE9-AE7DEF626301}.Release|x64.Build.0 = Release|Any CPU
		{1C2F3F91-FCA6-4E44-9AE9-AE7DEF626301}.Release|x86.ActiveCfg = Release|Any CPU
		{1C2F3F91-FCA6-4E44-9AE9-AE7DEF626301}.Release|x86.Build.0 = Release|Any CPU
		{AA9C6D9D-3EF4-45B2-8306-6280FA0F8203}.Debug|Any CPU.ActiveCfg = Debug|Any CPU
		{AA9C6D9D-3EF4-45B2-8306-6280FA0F8203}.Debug|Any CPU.Build.0 = Debug|Any CPU
		{AA9C6D9D-3EF4-45B2-8306-6280FA0F8203}.Debug|x64.ActiveCfg = Debug|Any CPU
		{AA9C6D9D-3EF4-45B2-8306-6280FA0F8203}.Debug|x64.Build.0 = Debug|Any CPU
		{AA9C6D9D-3EF4-45B2-8306-6280FA0F8203}.Debug|x86.ActiveCfg = Debug|Any CPU
		{AA9C6D9D-3EF4-45B2-8306-6280FA0F8203}.Debug|x86.Build.0 = Debug|Any CPU
		{AA9C6D9D-3EF4-45B2-8306-6280FA0F8203}.Release|Any CPU.ActiveCfg = Release|Any CPU
		{AA9C6D9D-3EF4-45B2-8306-6280FA0F8203}.Release|Any CPU.Build.0 = Release|Any CPU
		{AA9C6D9D-3EF4-45B2-8306-6280FA0F8203}.Release|x64.ActiveCfg = Release|Any CPU
		{AA9C6D9D-3EF4-45B2-8306-6280FA0F8203}.Release|x64.Build.0 = Release|Any CPU
		{AA9C6D9D-3EF4-45B2-8306-6280FA0F8203}.Release|x86.ActiveCfg = Release|Any CPU
		{AA9C6D9D-3EF4-45B2-8306-6280FA0F8203}.Release|x86.Build.0 = Release|Any CPU
		{AB2980B5-8C08-4272-BCE3-139783CA9028}.Debug|Any CPU.ActiveCfg = Debug|Any CPU
		{AB2980B5-8C08-4272-BCE3-139783CA9028}.Debug|Any CPU.Build.0 = Debug|Any CPU
		{AB2980B5-8C08-4272-BCE3-139783CA9028}.Debug|x64.ActiveCfg = Debug|Any CPU
		{AB2980B5-8C08-4272-BCE3-139783CA9028}.Debug|x64.Build.0 = Debug|Any CPU
		{AB2980B5-8C08-4272-BCE3-139783CA9028}.Debug|x86.ActiveCfg = Debug|Any CPU
		{AB2980B5-8C08-4272-BCE3-139783CA9028}.Debug|x86.Build.0 = Debug|Any CPU
		{AB2980B5-8C08-4272-BCE3-139783CA9028}.Release|Any CPU.ActiveCfg = Release|Any CPU
		{AB2980B5-8C08-4272-BCE3-139783CA9028}.Release|Any CPU.Build.0 = Release|Any CPU
		{AB2980B5-8C08-4272-BCE3-139783CA9028}.Release|x64.ActiveCfg = Release|Any CPU
		{AB2980B5-8C08-4272-BCE3-139783CA9028}.Release|x64.Build.0 = Release|Any CPU
		{AB2980B5-8C08-4272-BCE3-139783CA9028}.Release|x86.ActiveCfg = Release|Any CPU
		{AB2980B5-8C08-4272-BCE3-139783CA9028}.Release|x86.Build.0 = Release|Any CPU
		{A3E43750-90FF-4DE8-9FB6-A290AD1CF16F}.Debug|Any CPU.ActiveCfg = Debug|Any CPU
		{A3E43750-90FF-4DE8-9FB6-A290AD1CF16F}.Debug|Any CPU.Build.0 = Debug|Any CPU
		{A3E43750-90FF-4DE8-9FB6-A290AD1CF16F}.Debug|x64.ActiveCfg = Debug|Any CPU
		{A3E43750-90FF-4DE8-9FB6-A290AD1CF16F}.Debug|x64.Build.0 = Debug|Any CPU
		{A3E43750-90FF-4DE8-9FB6-A290AD1CF16F}.Debug|x86.ActiveCfg = Debug|Any CPU
		{A3E43750-90FF-4DE8-9FB6-A290AD1CF16F}.Debug|x86.Build.0 = Debug|Any CPU
		{A3E43750-90FF-4DE8-9FB6-A290AD1CF16F}.Release|Any CPU.ActiveCfg = Release|Any CPU
		{A3E43750-90FF-4DE8-9FB6-A290AD1CF16F}.Release|Any CPU.Build.0 = Release|Any CPU
		{A3E43750-90FF-4DE8-9FB6-A290AD1CF16F}.Release|x64.ActiveCfg = Release|Any CPU
		{A3E43750-90FF-4DE8-9FB6-A290AD1CF16F}.Release|x64.Build.0 = Release|Any CPU
		{A3E43750-90FF-4DE8-9FB6-A290AD1CF16F}.Release|x86.ActiveCfg = Release|Any CPU
		{A3E43750-90FF-4DE8-9FB6-A290AD1CF16F}.Release|x86.Build.0 = Release|Any CPU
		{3A901C6A-35D5-442A-8058-A200F7A35FB4}.Debug|Any CPU.ActiveCfg = Debug|Any CPU
		{3A901C6A-35D5-442A-8058-A200F7A35FB4}.Debug|Any CPU.Build.0 = Debug|Any CPU
		{3A901C6A-35D5-442A-8058-A200F7A35FB4}.Debug|x64.ActiveCfg = Debug|Any CPU
		{3A901C6A-35D5-442A-8058-A200F7A35FB4}.Debug|x64.Build.0 = Debug|Any CPU
		{3A901C6A-35D5-442A-8058-A200F7A35FB4}.Debug|x86.ActiveCfg = Debug|Any CPU
		{3A901C6A-35D5-442A-8058-A200F7A35FB4}.Debug|x86.Build.0 = Debug|Any CPU
		{3A901C6A-35D5-442A-8058-A200F7A35FB4}.Release|Any CPU.ActiveCfg = Release|Any CPU
		{3A901C6A-35D5-442A-8058-A200F7A35FB4}.Release|Any CPU.Build.0 = Release|Any CPU
		{3A901C6A-35D5-442A-8058-A200F7A35FB4}.Release|x64.ActiveCfg = Release|Any CPU
		{3A901C6A-35D5-442A-8058-A200F7A35FB4}.Release|x64.Build.0 = Release|Any CPU
		{3A901C6A-35D5-442A-8058-A200F7A35FB4}.Release|x86.ActiveCfg = Release|Any CPU
		{3A901C6A-35D5-442A-8058-A200F7A35FB4}.Release|x86.Build.0 = Release|Any CPU
		{A47E4687-D5E3-435B-AD0B-4C780A09494B}.Debug|Any CPU.ActiveCfg = Debug|Any CPU
		{A47E4687-D5E3-435B-AD0B-4C780A09494B}.Debug|Any CPU.Build.0 = Debug|Any CPU
		{A47E4687-D5E3-435B-AD0B-4C780A09494B}.Debug|x64.ActiveCfg = Debug|Any CPU
		{A47E4687-D5E3-435B-AD0B-4C780A09494B}.Debug|x64.Build.0 = Debug|Any CPU
		{A47E4687-D5E3-435B-AD0B-4C780A09494B}.Debug|x86.ActiveCfg = Debug|Any CPU
		{A47E4687-D5E3-435B-AD0B-4C780A09494B}.Debug|x86.Build.0 = Debug|Any CPU
		{A47E4687-D5E3-435B-AD0B-4C780A09494B}.Release|Any CPU.ActiveCfg = Release|Any CPU
		{A47E4687-D5E3-435B-AD0B-4C780A09494B}.Release|Any CPU.Build.0 = Release|Any CPU
		{A47E4687-D5E3-435B-AD0B-4C780A09494B}.Release|x64.ActiveCfg = Release|Any CPU
		{A47E4687-D5E3-435B-AD0B-4C780A09494B}.Release|x64.Build.0 = Release|Any CPU
		{A47E4687-D5E3-435B-AD0B-4C780A09494B}.Release|x86.ActiveCfg = Release|Any CPU
		{A47E4687-D5E3-435B-AD0B-4C780A09494B}.Release|x86.Build.0 = Release|Any CPU
		{571E2B7D-0D76-441F-AB46-736E79680562}.Debug|Any CPU.ActiveCfg = Debug|Any CPU
		{571E2B7D-0D76-441F-AB46-736E79680562}.Debug|Any CPU.Build.0 = Debug|Any CPU
		{571E2B7D-0D76-441F-AB46-736E79680562}.Debug|x64.ActiveCfg = Debug|Any CPU
		{571E2B7D-0D76-441F-AB46-736E79680562}.Debug|x64.Build.0 = Debug|Any CPU
		{571E2B7D-0D76-441F-AB46-736E79680562}.Debug|x86.ActiveCfg = Debug|Any CPU
		{571E2B7D-0D76-441F-AB46-736E79680562}.Debug|x86.Build.0 = Debug|Any CPU
		{571E2B7D-0D76-441F-AB46-736E79680562}.Release|Any CPU.ActiveCfg = Release|Any CPU
		{571E2B7D-0D76-441F-AB46-736E79680562}.Release|Any CPU.Build.0 = Release|Any CPU
		{571E2B7D-0D76-441F-AB46-736E79680562}.Release|x64.ActiveCfg = Release|Any CPU
		{571E2B7D-0D76-441F-AB46-736E79680562}.Release|x64.Build.0 = Release|Any CPU
		{571E2B7D-0D76-441F-AB46-736E79680562}.Release|x86.ActiveCfg = Release|Any CPU
		{571E2B7D-0D76-441F-AB46-736E79680562}.Release|x86.Build.0 = Release|Any CPU
	EndGlobalSection
	GlobalSection(SolutionProperties) = preSolution
		HideSolutionNode = FALSE
	EndGlobalSection
	GlobalSection(NestedProjects) = preSolution
		{15120ABF-33BF-4A08-8479-10D83A3092F6} = {EC7CA729-A36C-4C7B-8689-431B062BF0DE}
		{1A3BA5C3-B6AA-4165-BC62-7DF4936B76CF} = {4B49AAFF-235A-4D91-BC9F-D51FFEF6D3E5}
		{A325627B-86F6-4CC1-83EA-D6ADF0FF4B2E} = {EDEA9239-750D-46D1-BC49-B63948061B2B}
		{EB438FF3-02D3-44E6-A572-A60C000C0A54} = {EDEA9239-750D-46D1-BC49-B63948061B2B}
		{3B656115-804A-429D-93F9-525607E1F984} = {4B49AAFF-235A-4D91-BC9F-D51FFEF6D3E5}
		{337F3867-1D93-4959-9310-DEC3F79FA8C2} = {EC7CA729-A36C-4C7B-8689-431B062BF0DE}
		{86A8AC7B-AB66-4558-A208-3A18EEB503C7} = {EC7CA729-A36C-4C7B-8689-431B062BF0DE}
		{50896C2E-2887-4ED8-B907-66BBB29E505D} = {FD7F4DC8-9C67-4E66-BD16-9745CDE2C93A}
		{89256F64-BFF3-4F52-BF58-49F8C3AE7A7E} = {FAD75C27-6A4D-4C6B-B5F0-8E60005D8CEB}
		{32E37ECF-DFA0-4D5C-89F5-4136B466A322} = {FAD75C27-6A4D-4C6B-B5F0-8E60005D8CEB}
		{0B035BEC-7492-4D1D-90FE-FEB6CD681900} = {FAD75C27-6A4D-4C6B-B5F0-8E60005D8CEB}
		{73A41427-9EDF-4A24-B145-86BA6799F014} = {FAD75C27-6A4D-4C6B-B5F0-8E60005D8CEB}
		{A791365C-04A4-4064-AE95-F4974BB8CB34} = {4FDCC2A0-46DC-11EC-BC3E-AF7DFFB3ECD5}
		{7FEC01F2-B120-4628-90E3-1642BBDEC54B} = {C0023841-3C73-40CE-AE16-F83C512781AE}
		{871A5CC1-7014-4B69-96E6-4711509EB077} = {C0023841-3C73-40CE-AE16-F83C512781AE}
		{117AFD3B-73FB-41F3-99F5-DCDD355CF4A2} = {16A3FA93-D130-41CD-9797-FFB5F8F9DD0C}
		{DC618915-FC83-4108-B7B7-6A19D7C8A3AA} = {16A3FA93-D130-41CD-9797-FFB5F8F9DD0C}
		{4D6B23C5-CB86-4D8B-8C7F-847E2067D733} = {FAD75C27-6A4D-4C6B-B5F0-8E60005D8CEB}
		{BE981402-3796-4448-B26E-463D13684770} = {C7150475-976A-4735-A547-6E709C701190}
		{5827494C-8D7E-4C2C-BB7A-97A00B871804} = {C7150475-976A-4735-A547-6E709C701190}
		{1E0E16ED-1128-4D12-AB46-CA7DD1742499} = {4B49AAFF-235A-4D91-BC9F-D51FFEF6D3E5}
		{79DE4D00-0DB0-4DAE-9606-6DDBC692AA24} = {A17D3E48-A0CD-48F8-B73A-52B36F0C2F9C}
		{13A614F9-6617-40FC-8A5B-86E900A7F248} = {A17D3E48-A0CD-48F8-B73A-52B36F0C2F9C}
		{2265A324-3E0D-4A1E-A89D-B8D9CCA6BCF5} = {A17D3E48-A0CD-48F8-B73A-52B36F0C2F9C}
		{692B2495-5385-47CC-8290-04F682EF9077} = {EC7CA729-A36C-4C7B-8689-431B062BF0DE}
		{A9E3DA5C-CDE6-4E82-A6AC-18183A792FED} = {FAD75C27-6A4D-4C6B-B5F0-8E60005D8CEB}
		{BA209015-FCA4-4762-A706-9B90289D258B} = {A9E3DA5C-CDE6-4E82-A6AC-18183A792FED}
		{E2A074B9-FDEC-4252-AC42-42C7BC72ACCA} = {A9E3DA5C-CDE6-4E82-A6AC-18183A792FED}
		{E961A139-6E1F-4EE2-8178-EC2C08EFC215} = {37DF32A2-87F6-4633-950D-EFF448A1174C}
		{8E638162-0200-41AA-948F-97D798CA5580} = {13F2DFB5-D19C-483D-8EC0-E54392A6F040}
		{6E62B8AC-318C-478D-8292-96A45CFD4F3A} = {13F2DFB5-D19C-483D-8EC0-E54392A6F040}
		{02B4E892-A352-4BC0-8123-443DDCFD3830} = {D7ABB895-D2DB-4A6D-8955-36F92E077C07}
		{1C2F3F91-FCA6-4E44-9AE9-AE7DEF626301} = {FD7F4DC8-9C67-4E66-BD16-9745CDE2C93A}
		{AA9C6D9D-3EF4-45B2-8306-6280FA0F8203} = {FD7F4DC8-9C67-4E66-BD16-9745CDE2C93A}
		{23C0A860-7CE2-4E00-8A22-3833A240487B} = {FAD75C27-6A4D-4C6B-B5F0-8E60005D8CEB}
		{AB2980B5-8C08-4272-BCE3-139783CA9028} = {23C0A860-7CE2-4E00-8A22-3833A240487B}
		{A3E43750-90FF-4DE8-9FB6-A290AD1CF16F} = {EAC9F6F0-2E5B-48B6-8AE9-8627E1455372}
		{3A901C6A-35D5-442A-8058-A200F7A35FB4} = {EAC9F6F0-2E5B-48B6-8AE9-8627E1455372}
		{A47E4687-D5E3-435B-AD0B-4C780A09494B} = {EAC9F6F0-2E5B-48B6-8AE9-8627E1455372}
		{571E2B7D-0D76-441F-AB46-736E79680562} = {EAC9F6F0-2E5B-48B6-8AE9-8627E1455372}
	EndGlobalSection
	GlobalSection(ExtensibilityGlobals) = postSolution
		SolutionGuid = {168EC689-C008-4589-95F0-6030A3264703}
	EndGlobalSection
EndGlobal
