
Microsoft Visual Studio Solution File, Format Version 12.00
# Visual Studio Version 16
VisualStudioVersion = 16.6.30114.105
MinimumVisualStudioVersion = 10.0.40219.1
Project("{9A19103F-16F7-4668-BE54-9A1E7A4F7556}") = "FluentValidation-Sample", "Data\FluentValidation\FluentValidation-Sample.csproj", "{BA18C2B2-6336-413D-80A1-4659FB5924E7}"
EndProject
Project("{9A19103F-16F7-4668-BE54-9A1E7A4F7556}") = "FluentDateTime-Sample", "Syntax Sugar\FluentDateTime\FluentDateTime-Sample.csproj", "{0A2E1064-EA82-45FD-BEEF-BC92363A8FD9}"
EndProject
Project("{9A19103F-16F7-4668-BE54-9A1E7A4F7556}") = "Humanizer-Sample", "Syntax Sugar\Humanizer\Humanizer-Sample.csproj", "{15120ABF-33BF-4A08-8479-10D83A3092F6}"
EndProject
Project("{9A19103F-16F7-4668-BE54-9A1E7A4F7556}") = "FlurlHttp-Sample", "Http Client\FlurlHttp\FlurlHttp-Sample.csproj", "{1A3BA5C3-B6AA-4165-BC62-7DF4936B76CF}"
EndProject
Project("{9A19103F-16F7-4668-BE54-9A1E7A4F7556}") = "Refit-Sample", "Http Client\Refit\Refit-Sample.csproj", "{06AE80A9-FC88-45B9-9163-4AA52AB57F82}"
EndProject
Project("{9A19103F-16F7-4668-BE54-9A1E7A4F7556}") = "Mustache-Sample", "Template Engine\Mustache\Mustache-Sample.csproj", "{A325627B-86F6-4CC1-83EA-D6ADF0FF4B2E}"
EndProject
Project("{9A19103F-16F7-4668-BE54-9A1E7A4F7556}") = "Liquid-Sample", "Template Engine\Liquid\Liquid-Sample.csproj", "{EB438FF3-02D3-44E6-A572-A60C000C0A54}"
EndProject
Project("{9A19103F-16F7-4668-BE54-9A1E7A4F7556}") = "NSwagStudio-Sample", "Http Client\NSwagStudio\NSwagStudio-Sample.csproj", "{3B656115-804A-429D-93F9-525607E1F984}"
EndProject
Project("{9A19103F-16F7-4668-BE54-9A1E7A4F7556}") = "CacheManager-Sample", "Data\CacheManager\CacheManager-Sample.csproj", "{70313DF3-B407-4FC7-824B-13C3BFB719DB}"
EndProject
Project("{9A19103F-16F7-4668-BE54-9A1E7A4F7556}") = "MaestriaExtensions-Sample", "Syntax Sugar\MaestriaExtensions\MaestriaExtensions-Sample.csproj", "{337F3867-1D93-4959-9310-DEC3F79FA8C2}"
EndProject
Project("{9A19103F-16F7-4668-BE54-9A1E7A4F7556}") = "MaestriaFluentCast-Sample", "Syntax Sugar\MaestriaFluentCast\MaestriaFluentCast-Sample.csproj", "{86A8AC7B-AB66-4558-A208-3A18EEB503C7}"
EndProject
Project("{9A19103F-16F7-4668-BE54-9A1E7A4F7556}") = "Polly-Sample", "Others\Polly\Polly-Sample.csproj", "{50896C2E-2887-4ED8-B907-66BBB29E505D}"
EndProject
Project("{9A19103F-16F7-4668-BE54-9A1E7A4F7556}") = "MaestriaTypeProviders-Sample", "Source Generator\MaestriaTypeProviders\MaestriaTypeProviders-Sample.csproj", "{9D0034ED-2228-427B-BF08-7614C1312E05}"
EndProject
Project("{9A19103F-16F7-4668-BE54-9A1E7A4F7556}") = "PrimaryConstructor-Sample", "Source Generator\PrimaryConstructor\PrimaryConstructor-Sample.csproj", "{FFB46013-9CE5-44B4-87FA-313767AEC075}"
EndProject
Project("{9A19103F-16F7-4668-BE54-9A1E7A4F7556}") = "DataBuilderGenerator-Sample", "Source Generator\DataBuilderGenerator\DataBuilderGenerator-Sample.csproj", "{B00F8963-0DD6-49BE-BA8B-3C2121E77105}"
EndProject
Project("{2150E333-8FDC-42A3-9474-1A3956D46DE8}") = "Solution Items", "Solution Items", "{2D2C6443-F1B1-46DF-874F-BEFD6C5AEDBB}"
	ProjectSection(SolutionItems) = preProject
		.gitignore = .gitignore
	EndProjectSection
EndProject
Project("{2150E333-8FDC-42A3-9474-1A3956D46DE8}") = "Syntax Sugar", "Syntax Sugar", "{EC7CA729-A36C-4C7B-8689-431B062BF0DE}"
EndProject
Project("{2150E333-8FDC-42A3-9474-1A3956D46DE8}") = "Http Client", "Http Client", "{4B49AAFF-235A-4D91-BC9F-D51FFEF6D3E5}"
EndProject
Project("{2150E333-8FDC-42A3-9474-1A3956D46DE8}") = "Template Engine", "Template Engine", "{EDEA9239-750D-46D1-BC49-B63948061B2B}"
EndProject
Project("{2150E333-8FDC-42A3-9474-1A3956D46DE8}") = "Data", "Data", "{C81DBC4C-42A2-46FB-9FA4-E92B0491B10A}"
EndProject
Project("{2150E333-8FDC-42A3-9474-1A3956D46DE8}") = "Source Generator", "Source Generator", "{A17D3E48-A0CD-48F8-B73A-52B36F0C2F9C}"
EndProject
Project("{2150E333-8FDC-42A3-9474-1A3956D46DE8}") = "Others", "Others", "{FD7F4DC8-9C67-4E66-BD16-9745CDE2C93A}"
EndProject
Project("{2150E333-8FDC-42A3-9474-1A3956D46DE8}") = "Logs", "Logs", "{FAD75C27-6A4D-4C6B-B5F0-8E60005D8CEB}"
EndProject
Project("{9A19103F-16F7-4668-BE54-9A1E7A4F7556}") = "NLog-Sample", "Logs\NLog\NLog-Sample.csproj", "{89256F64-BFF3-4F52-BF58-49F8C3AE7A7E}"
EndProject
Project("{2150E333-8FDC-42A3-9474-1A3956D46DE8}") = "Docs", "Docs", "{15CFB388-BCAB-4AFB-A4B0-6C5974EBA165}"
	ProjectSection(SolutionItems) = preProject
		Docs\Logs.md = Logs\README.md
		README.md = README.md
	EndProjectSection
EndProject
Project("{9A19103F-16F7-4668-BE54-9A1E7A4F7556}") = "NLogAsMicrosoftProxy-Sample", "Logs\NLogAsMicrosoftProxy\NLogAsMicrosoftProxy-Sample.csproj", "{183D5399-16D8-44CC-AD7C-65CF45D98CB1}"
EndProject
Project("{9A19103F-16F7-4668-BE54-9A1E7A4F7556}") = "MicrosoftLogging-Sample", "Logs\MicrosoftLogging\MicrosoftLogging-Sample.csproj", "{32E37ECF-DFA0-4D5C-89F5-4136B466A322}"
EndProject
Project("{9A19103F-16F7-4668-BE54-9A1E7A4F7556}") = "Log4Net-Sample", "Logs\Log4Net\Log4Net-Sample.csproj", "{0B035BEC-7492-4D1D-90FE-FEB6CD681900}"
EndProject
Project("{9A19103F-16F7-4668-BE54-9A1E7A4F7556}") = "Serilog-Sample", "Logs\Serilog\Serilog-Sample.csproj", "{73A41427-9EDF-4A24-B145-86BA6799F014}"
EndProject
Project("{2150E333-8FDC-42A3-9474-1A3956D46DE8}") = "Scheduler", "Scheduler", "{4FDCC2A0-46DC-11EC-BC3E-AF7DFFB3ECD5}"
EndProject
Project("{FAE04EC0-301F-11D3-BF4B-00C04F79EFBC}") = "Quartz-Sample", "Scheduler\Quartz\Quartz-Sample.csproj", "{A791365C-04A4-4064-AE95-F4974BB8CB34}"
EndProject
Project("{2150E333-8FDC-42A3-9474-1A3956D46DE8}") = "Language Features", "Language Features", "{02A5BB00-4CDA-11EC-B1AD-CF229752EAE8}"
EndProject
Project("{FAE04EC0-301F-11D3-BF4B-00C04F79EFBC}") = "LanguageFeatures-Sample", "Language Features\LanguageFeatures-Sample.csproj", "{324F29FE-2F77-4BC2-9BDC-A2B35D5B1BA9}"
EndProject
Project("{2150E333-8FDC-42A3-9474-1A3956D46DE8}") = "Command Line Args", "Command Line Args", "{C0023841-3C73-40CE-AE16-F83C512781AE}"
EndProject
Project("{FAE04EC0-301F-11D3-BF4B-00C04F79EFBC}") = "CommandLineParser-Sample", "Command Line Args\CommandLineParser\CommandLineParser-Sample.csproj", "{7FEC01F2-B120-4628-90E3-1642BBDEC54B}"
EndProject
Project("{FAE04EC0-301F-11D3-BF4B-00C04F79EFBC}") = "CommandLineUtils-Sample", "Command Line Args\CommandLineUtils\CommandLineUtils-Sample.csproj", "{871A5CC1-7014-4B69-96E6-4711509EB077}"
EndProject
Project("{FAE04EC0-301F-11D3-BF4B-00C04F79EFBC}") = "NHibernate-Sample", "Data\NHibernate\NHibernate-Sample.csproj", "{3339B372-2CA6-4605-B760-31EF817B2D54}"
EndProject
Project("{FAE04EC0-301F-11D3-BF4B-00C04F79EFBC}") = "EFCore-ZExtensions-Sample", "Data\EFCore-ZExtensions\EFCore-ZExtensions-Sample.csproj", "{FCBE9E0C-EBFA-4293-A880-E68E1ED1C522}"
EndProject
Global
	GlobalSection(SolutionConfigurationPlatforms) = preSolution
		Debug|Any CPU = Debug|Any CPU
		Debug|x64 = Debug|x64
		Debug|x86 = Debug|x86
		Release|Any CPU = Release|Any CPU
		Release|x64 = Release|x64
		Release|x86 = Release|x86
	EndGlobalSection
	GlobalSection(ProjectConfigurationPlatforms) = postSolution
		{BA18C2B2-6336-413D-80A1-4659FB5924E7}.Debug|Any CPU.ActiveCfg = Debug|Any CPU
		{BA18C2B2-6336-413D-80A1-4659FB5924E7}.Debug|Any CPU.Build.0 = Debug|Any CPU
		{BA18C2B2-6336-413D-80A1-4659FB5924E7}.Debug|x64.ActiveCfg = Debug|Any CPU
		{BA18C2B2-6336-413D-80A1-4659FB5924E7}.Debug|x64.Build.0 = Debug|Any CPU
		{BA18C2B2-6336-413D-80A1-4659FB5924E7}.Debug|x86.ActiveCfg = Debug|Any CPU
		{BA18C2B2-6336-413D-80A1-4659FB5924E7}.Debug|x86.Build.0 = Debug|Any CPU
		{BA18C2B2-6336-413D-80A1-4659FB5924E7}.Release|Any CPU.ActiveCfg = Release|Any CPU
		{BA18C2B2-6336-413D-80A1-4659FB5924E7}.Release|Any CPU.Build.0 = Release|Any CPU
		{BA18C2B2-6336-413D-80A1-4659FB5924E7}.Release|x64.ActiveCfg = Release|Any CPU
		{BA18C2B2-6336-413D-80A1-4659FB5924E7}.Release|x64.Build.0 = Release|Any CPU
		{BA18C2B2-6336-413D-80A1-4659FB5924E7}.Release|x86.ActiveCfg = Release|Any CPU
		{BA18C2B2-6336-413D-80A1-4659FB5924E7}.Release|x86.Build.0 = Release|Any CPU
		{0A2E1064-EA82-45FD-BEEF-BC92363A8FD9}.Debug|Any CPU.ActiveCfg = Debug|Any CPU
		{0A2E1064-EA82-45FD-BEEF-BC92363A8FD9}.Debug|Any CPU.Build.0 = Debug|Any CPU
		{0A2E1064-EA82-45FD-BEEF-BC92363A8FD9}.Debug|x64.ActiveCfg = Debug|Any CPU
		{0A2E1064-EA82-45FD-BEEF-BC92363A8FD9}.Debug|x64.Build.0 = Debug|Any CPU
		{0A2E1064-EA82-45FD-BEEF-BC92363A8FD9}.Debug|x86.ActiveCfg = Debug|Any CPU
		{0A2E1064-EA82-45FD-BEEF-BC92363A8FD9}.Debug|x86.Build.0 = Debug|Any CPU
		{0A2E1064-EA82-45FD-BEEF-BC92363A8FD9}.Release|Any CPU.ActiveCfg = Release|Any CPU
		{0A2E1064-EA82-45FD-BEEF-BC92363A8FD9}.Release|Any CPU.Build.0 = Release|Any CPU
		{0A2E1064-EA82-45FD-BEEF-BC92363A8FD9}.Release|x64.ActiveCfg = Release|Any CPU
		{0A2E1064-EA82-45FD-BEEF-BC92363A8FD9}.Release|x64.Build.0 = Release|Any CPU
		{0A2E1064-EA82-45FD-BEEF-BC92363A8FD9}.Release|x86.ActiveCfg = Release|Any CPU
		{0A2E1064-EA82-45FD-BEEF-BC92363A8FD9}.Release|x86.Build.0 = Release|Any CPU
		{15120ABF-33BF-4A08-8479-10D83A3092F6}.Debug|Any CPU.ActiveCfg = Debug|Any CPU
		{15120ABF-33BF-4A08-8479-10D83A3092F6}.Debug|Any CPU.Build.0 = Debug|Any CPU
		{15120ABF-33BF-4A08-8479-10D83A3092F6}.Debug|x64.ActiveCfg = Debug|Any CPU
		{15120ABF-33BF-4A08-8479-10D83A3092F6}.Debug|x64.Build.0 = Debug|Any CPU
		{15120ABF-33BF-4A08-8479-10D83A3092F6}.Debug|x86.ActiveCfg = Debug|Any CPU
		{15120ABF-33BF-4A08-8479-10D83A3092F6}.Debug|x86.Build.0 = Debug|Any CPU
		{15120ABF-33BF-4A08-8479-10D83A3092F6}.Release|Any CPU.ActiveCfg = Release|Any CPU
		{15120ABF-33BF-4A08-8479-10D83A3092F6}.Release|Any CPU.Build.0 = Release|Any CPU
		{15120ABF-33BF-4A08-8479-10D83A3092F6}.Release|x64.ActiveCfg = Release|Any CPU
		{15120ABF-33BF-4A08-8479-10D83A3092F6}.Release|x64.Build.0 = Release|Any CPU
		{15120ABF-33BF-4A08-8479-10D83A3092F6}.Release|x86.ActiveCfg = Release|Any CPU
		{15120ABF-33BF-4A08-8479-10D83A3092F6}.Release|x86.Build.0 = Release|Any CPU
		{1A3BA5C3-B6AA-4165-BC62-7DF4936B76CF}.Debug|Any CPU.ActiveCfg = Debug|Any CPU
		{1A3BA5C3-B6AA-4165-BC62-7DF4936B76CF}.Debug|Any CPU.Build.0 = Debug|Any CPU
		{1A3BA5C3-B6AA-4165-BC62-7DF4936B76CF}.Debug|x64.ActiveCfg = Debug|Any CPU
		{1A3BA5C3-B6AA-4165-BC62-7DF4936B76CF}.Debug|x64.Build.0 = Debug|Any CPU
		{1A3BA5C3-B6AA-4165-BC62-7DF4936B76CF}.Debug|x86.ActiveCfg = Debug|Any CPU
		{1A3BA5C3-B6AA-4165-BC62-7DF4936B76CF}.Debug|x86.Build.0 = Debug|Any CPU
		{1A3BA5C3-B6AA-4165-BC62-7DF4936B76CF}.Release|Any CPU.ActiveCfg = Release|Any CPU
		{1A3BA5C3-B6AA-4165-BC62-7DF4936B76CF}.Release|Any CPU.Build.0 = Release|Any CPU
		{1A3BA5C3-B6AA-4165-BC62-7DF4936B76CF}.Release|x64.ActiveCfg = Release|Any CPU
		{1A3BA5C3-B6AA-4165-BC62-7DF4936B76CF}.Release|x64.Build.0 = Release|Any CPU
		{1A3BA5C3-B6AA-4165-BC62-7DF4936B76CF}.Release|x86.ActiveCfg = Release|Any CPU
		{1A3BA5C3-B6AA-4165-BC62-7DF4936B76CF}.Release|x86.Build.0 = Release|Any CPU
		{06AE80A9-FC88-45B9-9163-4AA52AB57F82}.Debug|Any CPU.ActiveCfg = Debug|Any CPU
		{06AE80A9-FC88-45B9-9163-4AA52AB57F82}.Debug|Any CPU.Build.0 = Debug|Any CPU
		{06AE80A9-FC88-45B9-9163-4AA52AB57F82}.Debug|x64.ActiveCfg = Debug|Any CPU
		{06AE80A9-FC88-45B9-9163-4AA52AB57F82}.Debug|x64.Build.0 = Debug|Any CPU
		{06AE80A9-FC88-45B9-9163-4AA52AB57F82}.Debug|x86.ActiveCfg = Debug|Any CPU
		{06AE80A9-FC88-45B9-9163-4AA52AB57F82}.Debug|x86.Build.0 = Debug|Any CPU
		{06AE80A9-FC88-45B9-9163-4AA52AB57F82}.Release|Any CPU.ActiveCfg = Release|Any CPU
		{06AE80A9-FC88-45B9-9163-4AA52AB57F82}.Release|Any CPU.Build.0 = Release|Any CPU
		{06AE80A9-FC88-45B9-9163-4AA52AB57F82}.Release|x64.ActiveCfg = Release|Any CPU
		{06AE80A9-FC88-45B9-9163-4AA52AB57F82}.Release|x64.Build.0 = Release|Any CPU
		{06AE80A9-FC88-45B9-9163-4AA52AB57F82}.Release|x86.ActiveCfg = Release|Any CPU
		{06AE80A9-FC88-45B9-9163-4AA52AB57F82}.Release|x86.Build.0 = Release|Any CPU
		{A325627B-86F6-4CC1-83EA-D6ADF0FF4B2E}.Debug|Any CPU.ActiveCfg = Debug|Any CPU
		{A325627B-86F6-4CC1-83EA-D6ADF0FF4B2E}.Debug|Any CPU.Build.0 = Debug|Any CPU
		{A325627B-86F6-4CC1-83EA-D6ADF0FF4B2E}.Debug|x64.ActiveCfg = Debug|Any CPU
		{A325627B-86F6-4CC1-83EA-D6ADF0FF4B2E}.Debug|x64.Build.0 = Debug|Any CPU
		{A325627B-86F6-4CC1-83EA-D6ADF0FF4B2E}.Debug|x86.ActiveCfg = Debug|Any CPU
		{A325627B-86F6-4CC1-83EA-D6ADF0FF4B2E}.Debug|x86.Build.0 = Debug|Any CPU
		{A325627B-86F6-4CC1-83EA-D6ADF0FF4B2E}.Release|Any CPU.ActiveCfg = Release|Any CPU
		{A325627B-86F6-4CC1-83EA-D6ADF0FF4B2E}.Release|Any CPU.Build.0 = Release|Any CPU
		{A325627B-86F6-4CC1-83EA-D6ADF0FF4B2E}.Release|x64.ActiveCfg = Release|Any CPU
		{A325627B-86F6-4CC1-83EA-D6ADF0FF4B2E}.Release|x64.Build.0 = Release|Any CPU
		{A325627B-86F6-4CC1-83EA-D6ADF0FF4B2E}.Release|x86.ActiveCfg = Release|Any CPU
		{A325627B-86F6-4CC1-83EA-D6ADF0FF4B2E}.Release|x86.Build.0 = Release|Any CPU
		{EB438FF3-02D3-44E6-A572-A60C000C0A54}.Debug|Any CPU.ActiveCfg = Debug|Any CPU
		{EB438FF3-02D3-44E6-A572-A60C000C0A54}.Debug|Any CPU.Build.0 = Debug|Any CPU
		{EB438FF3-02D3-44E6-A572-A60C000C0A54}.Debug|x64.ActiveCfg = Debug|Any CPU
		{EB438FF3-02D3-44E6-A572-A60C000C0A54}.Debug|x64.Build.0 = Debug|Any CPU
		{EB438FF3-02D3-44E6-A572-A60C000C0A54}.Debug|x86.ActiveCfg = Debug|Any CPU
		{EB438FF3-02D3-44E6-A572-A60C000C0A54}.Debug|x86.Build.0 = Debug|Any CPU
		{EB438FF3-02D3-44E6-A572-A60C000C0A54}.Release|Any CPU.ActiveCfg = Release|Any CPU
		{EB438FF3-02D3-44E6-A572-A60C000C0A54}.Release|Any CPU.Build.0 = Release|Any CPU
		{EB438FF3-02D3-44E6-A572-A60C000C0A54}.Release|x64.ActiveCfg = Release|Any CPU
		{EB438FF3-02D3-44E6-A572-A60C000C0A54}.Release|x64.Build.0 = Release|Any CPU
		{EB438FF3-02D3-44E6-A572-A60C000C0A54}.Release|x86.ActiveCfg = Release|Any CPU
		{EB438FF3-02D3-44E6-A572-A60C000C0A54}.Release|x86.Build.0 = Release|Any CPU
		{3B656115-804A-429D-93F9-525607E1F984}.Debug|Any CPU.ActiveCfg = Debug|Any CPU
		{3B656115-804A-429D-93F9-525607E1F984}.Debug|Any CPU.Build.0 = Debug|Any CPU
		{3B656115-804A-429D-93F9-525607E1F984}.Debug|x64.ActiveCfg = Debug|Any CPU
		{3B656115-804A-429D-93F9-525607E1F984}.Debug|x64.Build.0 = Debug|Any CPU
		{3B656115-804A-429D-93F9-525607E1F984}.Debug|x86.ActiveCfg = Debug|Any CPU
		{3B656115-804A-429D-93F9-525607E1F984}.Debug|x86.Build.0 = Debug|Any CPU
		{3B656115-804A-429D-93F9-525607E1F984}.Release|Any CPU.ActiveCfg = Release|Any CPU
		{3B656115-804A-429D-93F9-525607E1F984}.Release|Any CPU.Build.0 = Release|Any CPU
		{3B656115-804A-429D-93F9-525607E1F984}.Release|x64.ActiveCfg = Release|Any CPU
		{3B656115-804A-429D-93F9-525607E1F984}.Release|x64.Build.0 = Release|Any CPU
		{3B656115-804A-429D-93F9-525607E1F984}.Release|x86.ActiveCfg = Release|Any CPU
		{3B656115-804A-429D-93F9-525607E1F984}.Release|x86.Build.0 = Release|Any CPU
		{70313DF3-B407-4FC7-824B-13C3BFB719DB}.Debug|Any CPU.ActiveCfg = Debug|Any CPU
		{70313DF3-B407-4FC7-824B-13C3BFB719DB}.Debug|Any CPU.Build.0 = Debug|Any CPU
		{70313DF3-B407-4FC7-824B-13C3BFB719DB}.Debug|x64.ActiveCfg = Debug|Any CPU
		{70313DF3-B407-4FC7-824B-13C3BFB719DB}.Debug|x64.Build.0 = Debug|Any CPU
		{70313DF3-B407-4FC7-824B-13C3BFB719DB}.Debug|x86.ActiveCfg = Debug|Any CPU
		{70313DF3-B407-4FC7-824B-13C3BFB719DB}.Debug|x86.Build.0 = Debug|Any CPU
		{70313DF3-B407-4FC7-824B-13C3BFB719DB}.Release|Any CPU.ActiveCfg = Release|Any CPU
		{70313DF3-B407-4FC7-824B-13C3BFB719DB}.Release|Any CPU.Build.0 = Release|Any CPU
		{70313DF3-B407-4FC7-824B-13C3BFB719DB}.Release|x64.ActiveCfg = Release|Any CPU
		{70313DF3-B407-4FC7-824B-13C3BFB719DB}.Release|x64.Build.0 = Release|Any CPU
		{70313DF3-B407-4FC7-824B-13C3BFB719DB}.Release|x86.ActiveCfg = Release|Any CPU
		{70313DF3-B407-4FC7-824B-13C3BFB719DB}.Release|x86.Build.0 = Release|Any CPU
		{337F3867-1D93-4959-9310-DEC3F79FA8C2}.Debug|Any CPU.ActiveCfg = Debug|Any CPU
		{337F3867-1D93-4959-9310-DEC3F79FA8C2}.Debug|Any CPU.Build.0 = Debug|Any CPU
		{337F3867-1D93-4959-9310-DEC3F79FA8C2}.Debug|x64.ActiveCfg = Debug|Any CPU
		{337F3867-1D93-4959-9310-DEC3F79FA8C2}.Debug|x64.Build.0 = Debug|Any CPU
		{337F3867-1D93-4959-9310-DEC3F79FA8C2}.Debug|x86.ActiveCfg = Debug|Any CPU
		{337F3867-1D93-4959-9310-DEC3F79FA8C2}.Debug|x86.Build.0 = Debug|Any CPU
		{337F3867-1D93-4959-9310-DEC3F79FA8C2}.Release|Any CPU.ActiveCfg = Release|Any CPU
		{337F3867-1D93-4959-9310-DEC3F79FA8C2}.Release|Any CPU.Build.0 = Release|Any CPU
		{337F3867-1D93-4959-9310-DEC3F79FA8C2}.Release|x64.ActiveCfg = Release|Any CPU
		{337F3867-1D93-4959-9310-DEC3F79FA8C2}.Release|x64.Build.0 = Release|Any CPU
		{337F3867-1D93-4959-9310-DEC3F79FA8C2}.Release|x86.ActiveCfg = Release|Any CPU
		{337F3867-1D93-4959-9310-DEC3F79FA8C2}.Release|x86.Build.0 = Release|Any CPU
		{86A8AC7B-AB66-4558-A208-3A18EEB503C7}.Debug|Any CPU.ActiveCfg = Debug|Any CPU
		{86A8AC7B-AB66-4558-A208-3A18EEB503C7}.Debug|Any CPU.Build.0 = Debug|Any CPU
		{86A8AC7B-AB66-4558-A208-3A18EEB503C7}.Debug|x64.ActiveCfg = Debug|Any CPU
		{86A8AC7B-AB66-4558-A208-3A18EEB503C7}.Debug|x64.Build.0 = Debug|Any CPU
		{86A8AC7B-AB66-4558-A208-3A18EEB503C7}.Debug|x86.ActiveCfg = Debug|Any CPU
		{86A8AC7B-AB66-4558-A208-3A18EEB503C7}.Debug|x86.Build.0 = Debug|Any CPU
		{86A8AC7B-AB66-4558-A208-3A18EEB503C7}.Release|Any CPU.ActiveCfg = Release|Any CPU
		{86A8AC7B-AB66-4558-A208-3A18EEB503C7}.Release|Any CPU.Build.0 = Release|Any CPU
		{86A8AC7B-AB66-4558-A208-3A18EEB503C7}.Release|x64.ActiveCfg = Release|Any CPU
		{86A8AC7B-AB66-4558-A208-3A18EEB503C7}.Release|x64.Build.0 = Release|Any CPU
		{86A8AC7B-AB66-4558-A208-3A18EEB503C7}.Release|x86.ActiveCfg = Release|Any CPU
		{86A8AC7B-AB66-4558-A208-3A18EEB503C7}.Release|x86.Build.0 = Release|Any CPU
		{50896C2E-2887-4ED8-B907-66BBB29E505D}.Debug|Any CPU.ActiveCfg = Debug|Any CPU
		{50896C2E-2887-4ED8-B907-66BBB29E505D}.Debug|Any CPU.Build.0 = Debug|Any CPU
		{50896C2E-2887-4ED8-B907-66BBB29E505D}.Debug|x64.ActiveCfg = Debug|Any CPU
		{50896C2E-2887-4ED8-B907-66BBB29E505D}.Debug|x64.Build.0 = Debug|Any CPU
		{50896C2E-2887-4ED8-B907-66BBB29E505D}.Debug|x86.ActiveCfg = Debug|Any CPU
		{50896C2E-2887-4ED8-B907-66BBB29E505D}.Debug|x86.Build.0 = Debug|Any CPU
		{50896C2E-2887-4ED8-B907-66BBB29E505D}.Release|Any CPU.ActiveCfg = Release|Any CPU
		{50896C2E-2887-4ED8-B907-66BBB29E505D}.Release|Any CPU.Build.0 = Release|Any CPU
		{50896C2E-2887-4ED8-B907-66BBB29E505D}.Release|x64.ActiveCfg = Release|Any CPU
		{50896C2E-2887-4ED8-B907-66BBB29E505D}.Release|x64.Build.0 = Release|Any CPU
		{50896C2E-2887-4ED8-B907-66BBB29E505D}.Release|x86.ActiveCfg = Release|Any CPU
		{50896C2E-2887-4ED8-B907-66BBB29E505D}.Release|x86.Build.0 = Release|Any CPU
		{9D0034ED-2228-427B-BF08-7614C1312E05}.Debug|Any CPU.ActiveCfg = Debug|Any CPU
		{9D0034ED-2228-427B-BF08-7614C1312E05}.Debug|Any CPU.Build.0 = Debug|Any CPU
		{9D0034ED-2228-427B-BF08-7614C1312E05}.Debug|x64.ActiveCfg = Debug|Any CPU
		{9D0034ED-2228-427B-BF08-7614C1312E05}.Debug|x64.Build.0 = Debug|Any CPU
		{9D0034ED-2228-427B-BF08-7614C1312E05}.Debug|x86.ActiveCfg = Debug|Any CPU
		{9D0034ED-2228-427B-BF08-7614C1312E05}.Debug|x86.Build.0 = Debug|Any CPU
		{9D0034ED-2228-427B-BF08-7614C1312E05}.Release|Any CPU.ActiveCfg = Release|Any CPU
		{9D0034ED-2228-427B-BF08-7614C1312E05}.Release|Any CPU.Build.0 = Release|Any CPU
		{9D0034ED-2228-427B-BF08-7614C1312E05}.Release|x64.ActiveCfg = Release|Any CPU
		{9D0034ED-2228-427B-BF08-7614C1312E05}.Release|x64.Build.0 = Release|Any CPU
		{9D0034ED-2228-427B-BF08-7614C1312E05}.Release|x86.ActiveCfg = Release|Any CPU
		{9D0034ED-2228-427B-BF08-7614C1312E05}.Release|x86.Build.0 = Release|Any CPU
		{FFB46013-9CE5-44B4-87FA-313767AEC075}.Debug|Any CPU.ActiveCfg = Debug|Any CPU
		{FFB46013-9CE5-44B4-87FA-313767AEC075}.Debug|Any CPU.Build.0 = Debug|Any CPU
		{FFB46013-9CE5-44B4-87FA-313767AEC075}.Debug|x64.ActiveCfg = Debug|Any CPU
		{FFB46013-9CE5-44B4-87FA-313767AEC075}.Debug|x64.Build.0 = Debug|Any CPU
		{FFB46013-9CE5-44B4-87FA-313767AEC075}.Debug|x86.ActiveCfg = Debug|Any CPU
		{FFB46013-9CE5-44B4-87FA-313767AEC075}.Debug|x86.Build.0 = Debug|Any CPU
		{FFB46013-9CE5-44B4-87FA-313767AEC075}.Release|Any CPU.ActiveCfg = Release|Any CPU
		{FFB46013-9CE5-44B4-87FA-313767AEC075}.Release|Any CPU.Build.0 = Release|Any CPU
		{FFB46013-9CE5-44B4-87FA-313767AEC075}.Release|x64.ActiveCfg = Release|Any CPU
		{FFB46013-9CE5-44B4-87FA-313767AEC075}.Release|x64.Build.0 = Release|Any CPU
		{FFB46013-9CE5-44B4-87FA-313767AEC075}.Release|x86.ActiveCfg = Release|Any CPU
		{FFB46013-9CE5-44B4-87FA-313767AEC075}.Release|x86.Build.0 = Release|Any CPU
		{B00F8963-0DD6-49BE-BA8B-3C2121E77105}.Debug|Any CPU.ActiveCfg = Debug|Any CPU
		{B00F8963-0DD6-49BE-BA8B-3C2121E77105}.Debug|Any CPU.Build.0 = Debug|Any CPU
		{B00F8963-0DD6-49BE-BA8B-3C2121E77105}.Debug|x64.ActiveCfg = Debug|Any CPU
		{B00F8963-0DD6-49BE-BA8B-3C2121E77105}.Debug|x64.Build.0 = Debug|Any CPU
		{B00F8963-0DD6-49BE-BA8B-3C2121E77105}.Debug|x86.ActiveCfg = Debug|Any CPU
		{B00F8963-0DD6-49BE-BA8B-3C2121E77105}.Debug|x86.Build.0 = Debug|Any CPU
		{B00F8963-0DD6-49BE-BA8B-3C2121E77105}.Release|Any CPU.ActiveCfg = Release|Any CPU
		{B00F8963-0DD6-49BE-BA8B-3C2121E77105}.Release|Any CPU.Build.0 = Release|Any CPU
		{B00F8963-0DD6-49BE-BA8B-3C2121E77105}.Release|x64.ActiveCfg = Release|Any CPU
		{B00F8963-0DD6-49BE-BA8B-3C2121E77105}.Release|x64.Build.0 = Release|Any CPU
		{B00F8963-0DD6-49BE-BA8B-3C2121E77105}.Release|x86.ActiveCfg = Release|Any CPU
		{B00F8963-0DD6-49BE-BA8B-3C2121E77105}.Release|x86.Build.0 = Release|Any CPU
		{89256F64-BFF3-4F52-BF58-49F8C3AE7A7E}.Debug|Any CPU.ActiveCfg = Debug|Any CPU
		{89256F64-BFF3-4F52-BF58-49F8C3AE7A7E}.Debug|Any CPU.Build.0 = Debug|Any CPU
		{89256F64-BFF3-4F52-BF58-49F8C3AE7A7E}.Debug|x64.ActiveCfg = Debug|Any CPU
		{89256F64-BFF3-4F52-BF58-49F8C3AE7A7E}.Debug|x64.Build.0 = Debug|Any CPU
		{89256F64-BFF3-4F52-BF58-49F8C3AE7A7E}.Debug|x86.ActiveCfg = Debug|Any CPU
		{89256F64-BFF3-4F52-BF58-49F8C3AE7A7E}.Debug|x86.Build.0 = Debug|Any CPU
		{89256F64-BFF3-4F52-BF58-49F8C3AE7A7E}.Release|Any CPU.ActiveCfg = Release|Any CPU
		{89256F64-BFF3-4F52-BF58-49F8C3AE7A7E}.Release|Any CPU.Build.0 = Release|Any CPU
		{89256F64-BFF3-4F52-BF58-49F8C3AE7A7E}.Release|x64.ActiveCfg = Release|Any CPU
		{89256F64-BFF3-4F52-BF58-49F8C3AE7A7E}.Release|x64.Build.0 = Release|Any CPU
		{89256F64-BFF3-4F52-BF58-49F8C3AE7A7E}.Release|x86.ActiveCfg = Release|Any CPU
		{89256F64-BFF3-4F52-BF58-49F8C3AE7A7E}.Release|x86.Build.0 = Release|Any CPU
		{183D5399-16D8-44CC-AD7C-65CF45D98CB1}.Debug|Any CPU.ActiveCfg = Debug|Any CPU
		{183D5399-16D8-44CC-AD7C-65CF45D98CB1}.Debug|Any CPU.Build.0 = Debug|Any CPU
		{183D5399-16D8-44CC-AD7C-65CF45D98CB1}.Debug|x64.ActiveCfg = Debug|Any CPU
		{183D5399-16D8-44CC-AD7C-65CF45D98CB1}.Debug|x64.Build.0 = Debug|Any CPU
		{183D5399-16D8-44CC-AD7C-65CF45D98CB1}.Debug|x86.ActiveCfg = Debug|Any CPU
		{183D5399-16D8-44CC-AD7C-65CF45D98CB1}.Debug|x86.Build.0 = Debug|Any CPU
		{183D5399-16D8-44CC-AD7C-65CF45D98CB1}.Release|Any CPU.ActiveCfg = Release|Any CPU
		{183D5399-16D8-44CC-AD7C-65CF45D98CB1}.Release|Any CPU.Build.0 = Release|Any CPU
		{183D5399-16D8-44CC-AD7C-65CF45D98CB1}.Release|x64.ActiveCfg = Release|Any CPU
		{183D5399-16D8-44CC-AD7C-65CF45D98CB1}.Release|x64.Build.0 = Release|Any CPU
		{183D5399-16D8-44CC-AD7C-65CF45D98CB1}.Release|x86.ActiveCfg = Release|Any CPU
		{183D5399-16D8-44CC-AD7C-65CF45D98CB1}.Release|x86.Build.0 = Release|Any CPU
		{32E37ECF-DFA0-4D5C-89F5-4136B466A322}.Debug|Any CPU.ActiveCfg = Debug|Any CPU
		{32E37ECF-DFA0-4D5C-89F5-4136B466A322}.Debug|Any CPU.Build.0 = Debug|Any CPU
		{32E37ECF-DFA0-4D5C-89F5-4136B466A322}.Debug|x64.ActiveCfg = Debug|Any CPU
		{32E37ECF-DFA0-4D5C-89F5-4136B466A322}.Debug|x64.Build.0 = Debug|Any CPU
		{32E37ECF-DFA0-4D5C-89F5-4136B466A322}.Debug|x86.ActiveCfg = Debug|Any CPU
		{32E37ECF-DFA0-4D5C-89F5-4136B466A322}.Debug|x86.Build.0 = Debug|Any CPU
		{32E37ECF-DFA0-4D5C-89F5-4136B466A322}.Release|Any CPU.ActiveCfg = Release|Any CPU
		{32E37ECF-DFA0-4D5C-89F5-4136B466A322}.Release|Any CPU.Build.0 = Release|Any CPU
		{32E37ECF-DFA0-4D5C-89F5-4136B466A322}.Release|x64.ActiveCfg = Release|Any CPU
		{32E37ECF-DFA0-4D5C-89F5-4136B466A322}.Release|x64.Build.0 = Release|Any CPU
		{32E37ECF-DFA0-4D5C-89F5-4136B466A322}.Release|x86.ActiveCfg = Release|Any CPU
		{32E37ECF-DFA0-4D5C-89F5-4136B466A322}.Release|x86.Build.0 = Release|Any CPU
		{0B035BEC-7492-4D1D-90FE-FEB6CD681900}.Debug|Any CPU.ActiveCfg = Debug|Any CPU
		{0B035BEC-7492-4D1D-90FE-FEB6CD681900}.Debug|Any CPU.Build.0 = Debug|Any CPU
		{0B035BEC-7492-4D1D-90FE-FEB6CD681900}.Debug|x64.ActiveCfg = Debug|Any CPU
		{0B035BEC-7492-4D1D-90FE-FEB6CD681900}.Debug|x64.Build.0 = Debug|Any CPU
		{0B035BEC-7492-4D1D-90FE-FEB6CD681900}.Debug|x86.ActiveCfg = Debug|Any CPU
		{0B035BEC-7492-4D1D-90FE-FEB6CD681900}.Debug|x86.Build.0 = Debug|Any CPU
		{0B035BEC-7492-4D1D-90FE-FEB6CD681900}.Release|Any CPU.ActiveCfg = Release|Any CPU
		{0B035BEC-7492-4D1D-90FE-FEB6CD681900}.Release|Any CPU.Build.0 = Release|Any CPU
		{0B035BEC-7492-4D1D-90FE-FEB6CD681900}.Release|x64.ActiveCfg = Release|Any CPU
		{0B035BEC-7492-4D1D-90FE-FEB6CD681900}.Release|x64.Build.0 = Release|Any CPU
		{0B035BEC-7492-4D1D-90FE-FEB6CD681900}.Release|x86.ActiveCfg = Release|Any CPU
		{0B035BEC-7492-4D1D-90FE-FEB6CD681900}.Release|x86.Build.0 = Release|Any CPU
		{73A41427-9EDF-4A24-B145-86BA6799F014}.Debug|Any CPU.ActiveCfg = Debug|Any CPU
		{73A41427-9EDF-4A24-B145-86BA6799F014}.Debug|Any CPU.Build.0 = Debug|Any CPU
		{73A41427-9EDF-4A24-B145-86BA6799F014}.Debug|x64.ActiveCfg = Debug|Any CPU
		{73A41427-9EDF-4A24-B145-86BA6799F014}.Debug|x64.Build.0 = Debug|Any CPU
		{73A41427-9EDF-4A24-B145-86BA6799F014}.Debug|x86.ActiveCfg = Debug|Any CPU
		{73A41427-9EDF-4A24-B145-86BA6799F014}.Debug|x86.Build.0 = Debug|Any CPU
		{73A41427-9EDF-4A24-B145-86BA6799F014}.Release|Any CPU.ActiveCfg = Release|Any CPU
		{73A41427-9EDF-4A24-B145-86BA6799F014}.Release|Any CPU.Build.0 = Release|Any CPU
		{73A41427-9EDF-4A24-B145-86BA6799F014}.Release|x64.ActiveCfg = Release|Any CPU
		{73A41427-9EDF-4A24-B145-86BA6799F014}.Release|x64.Build.0 = Release|Any CPU
		{73A41427-9EDF-4A24-B145-86BA6799F014}.Release|x86.ActiveCfg = Release|Any CPU
		{73A41427-9EDF-4A24-B145-86BA6799F014}.Release|x86.Build.0 = Release|Any CPU
		{A791365C-04A4-4064-AE95-F4974BB8CB34}.Debug|Any CPU.ActiveCfg = Debug|Any CPU
		{A791365C-04A4-4064-AE95-F4974BB8CB34}.Debug|Any CPU.Build.0 = Debug|Any CPU
		{A791365C-04A4-4064-AE95-F4974BB8CB34}.Debug|x64.ActiveCfg = Debug|Any CPU
		{A791365C-04A4-4064-AE95-F4974BB8CB34}.Debug|x64.Build.0 = Debug|Any CPU
		{A791365C-04A4-4064-AE95-F4974BB8CB34}.Debug|x86.ActiveCfg = Debug|Any CPU
		{A791365C-04A4-4064-AE95-F4974BB8CB34}.Debug|x86.Build.0 = Debug|Any CPU
		{A791365C-04A4-4064-AE95-F4974BB8CB34}.Release|Any CPU.ActiveCfg = Release|Any CPU
		{A791365C-04A4-4064-AE95-F4974BB8CB34}.Release|Any CPU.Build.0 = Release|Any CPU
		{A791365C-04A4-4064-AE95-F4974BB8CB34}.Release|x64.ActiveCfg = Release|Any CPU
		{A791365C-04A4-4064-AE95-F4974BB8CB34}.Release|x64.Build.0 = Release|Any CPU
		{A791365C-04A4-4064-AE95-F4974BB8CB34}.Release|x86.ActiveCfg = Release|Any CPU
		{A791365C-04A4-4064-AE95-F4974BB8CB34}.Release|x86.Build.0 = Release|Any CPU
		{324F29FE-2F77-4BC2-9BDC-A2B35D5B1BA9}.Debug|Any CPU.ActiveCfg = Debug|Any CPU
		{324F29FE-2F77-4BC2-9BDC-A2B35D5B1BA9}.Debug|Any CPU.Build.0 = Debug|Any CPU
		{324F29FE-2F77-4BC2-9BDC-A2B35D5B1BA9}.Debug|x64.ActiveCfg = Debug|Any CPU
		{324F29FE-2F77-4BC2-9BDC-A2B35D5B1BA9}.Debug|x64.Build.0 = Debug|Any CPU
		{324F29FE-2F77-4BC2-9BDC-A2B35D5B1BA9}.Debug|x86.ActiveCfg = Debug|Any CPU
		{324F29FE-2F77-4BC2-9BDC-A2B35D5B1BA9}.Debug|x86.Build.0 = Debug|Any CPU
		{324F29FE-2F77-4BC2-9BDC-A2B35D5B1BA9}.Release|Any CPU.ActiveCfg = Release|Any CPU
		{324F29FE-2F77-4BC2-9BDC-A2B35D5B1BA9}.Release|Any CPU.Build.0 = Release|Any CPU
		{324F29FE-2F77-4BC2-9BDC-A2B35D5B1BA9}.Release|x64.ActiveCfg = Release|Any CPU
		{324F29FE-2F77-4BC2-9BDC-A2B35D5B1BA9}.Release|x64.Build.0 = Release|Any CPU
		{324F29FE-2F77-4BC2-9BDC-A2B35D5B1BA9}.Release|x86.ActiveCfg = Release|Any CPU
		{324F29FE-2F77-4BC2-9BDC-A2B35D5B1BA9}.Release|x86.Build.0 = Release|Any CPU
		{7FEC01F2-B120-4628-90E3-1642BBDEC54B}.Debug|Any CPU.ActiveCfg = Debug|Any CPU
		{7FEC01F2-B120-4628-90E3-1642BBDEC54B}.Debug|Any CPU.Build.0 = Debug|Any CPU
		{7FEC01F2-B120-4628-90E3-1642BBDEC54B}.Debug|x64.ActiveCfg = Debug|Any CPU
		{7FEC01F2-B120-4628-90E3-1642BBDEC54B}.Debug|x64.Build.0 = Debug|Any CPU
		{7FEC01F2-B120-4628-90E3-1642BBDEC54B}.Debug|x86.ActiveCfg = Debug|Any CPU
		{7FEC01F2-B120-4628-90E3-1642BBDEC54B}.Debug|x86.Build.0 = Debug|Any CPU
		{7FEC01F2-B120-4628-90E3-1642BBDEC54B}.Release|Any CPU.ActiveCfg = Release|Any CPU
		{7FEC01F2-B120-4628-90E3-1642BBDEC54B}.Release|Any CPU.Build.0 = Release|Any CPU
		{7FEC01F2-B120-4628-90E3-1642BBDEC54B}.Release|x64.ActiveCfg = Release|Any CPU
		{7FEC01F2-B120-4628-90E3-1642BBDEC54B}.Release|x64.Build.0 = Release|Any CPU
		{7FEC01F2-B120-4628-90E3-1642BBDEC54B}.Release|x86.ActiveCfg = Release|Any CPU
		{7FEC01F2-B120-4628-90E3-1642BBDEC54B}.Release|x86.Build.0 = Release|Any CPU
		{871A5CC1-7014-4B69-96E6-4711509EB077}.Debug|Any CPU.ActiveCfg = Debug|Any CPU
		{871A5CC1-7014-4B69-96E6-4711509EB077}.Debug|Any CPU.Build.0 = Debug|Any CPU
		{871A5CC1-7014-4B69-96E6-4711509EB077}.Debug|x64.ActiveCfg = Debug|Any CPU
		{871A5CC1-7014-4B69-96E6-4711509EB077}.Debug|x64.Build.0 = Debug|Any CPU
		{871A5CC1-7014-4B69-96E6-4711509EB077}.Debug|x86.ActiveCfg = Debug|Any CPU
		{871A5CC1-7014-4B69-96E6-4711509EB077}.Debug|x86.Build.0 = Debug|Any CPU
		{871A5CC1-7014-4B69-96E6-4711509EB077}.Release|Any CPU.ActiveCfg = Release|Any CPU
		{871A5CC1-7014-4B69-96E6-4711509EB077}.Release|Any CPU.Build.0 = Release|Any CPU
		{871A5CC1-7014-4B69-96E6-4711509EB077}.Release|x64.ActiveCfg = Release|Any CPU
		{871A5CC1-7014-4B69-96E6-4711509EB077}.Release|x64.Build.0 = Release|Any CPU
		{871A5CC1-7014-4B69-96E6-4711509EB077}.Release|x86.ActiveCfg = Release|Any CPU
		{871A5CC1-7014-4B69-96E6-4711509EB077}.Release|x86.Build.0 = Release|Any CPU
		{3339B372-2CA6-4605-B760-31EF817B2D54}.Debug|Any CPU.ActiveCfg = Debug|Any CPU
		{3339B372-2CA6-4605-B760-31EF817B2D54}.Debug|Any CPU.Build.0 = Debug|Any CPU
		{3339B372-2CA6-4605-B760-31EF817B2D54}.Debug|x64.ActiveCfg = Debug|Any CPU
		{3339B372-2CA6-4605-B760-31EF817B2D54}.Debug|x64.Build.0 = Debug|Any CPU
		{3339B372-2CA6-4605-B760-31EF817B2D54}.Debug|x86.ActiveCfg = Debug|Any CPU
		{3339B372-2CA6-4605-B760-31EF817B2D54}.Debug|x86.Build.0 = Debug|Any CPU
		{3339B372-2CA6-4605-B760-31EF817B2D54}.Release|Any CPU.ActiveCfg = Release|Any CPU
		{3339B372-2CA6-4605-B760-31EF817B2D54}.Release|Any CPU.Build.0 = Release|Any CPU
		{3339B372-2CA6-4605-B760-31EF817B2D54}.Release|x64.ActiveCfg = Release|Any CPU
		{3339B372-2CA6-4605-B760-31EF817B2D54}.Release|x64.Build.0 = Release|Any CPU
		{3339B372-2CA6-4605-B760-31EF817B2D54}.Release|x86.ActiveCfg = Release|Any CPU
		{3339B372-2CA6-4605-B760-31EF817B2D54}.Release|x86.Build.0 = Release|Any CPU
		{FCBE9E0C-EBFA-4293-A880-E68E1ED1C522}.Debug|Any CPU.ActiveCfg = Debug|Any CPU
		{FCBE9E0C-EBFA-4293-A880-E68E1ED1C522}.Debug|Any CPU.Build.0 = Debug|Any CPU
		{FCBE9E0C-EBFA-4293-A880-E68E1ED1C522}.Debug|x64.ActiveCfg = Debug|Any CPU
		{FCBE9E0C-EBFA-4293-A880-E68E1ED1C522}.Debug|x64.Build.0 = Debug|Any CPU
		{FCBE9E0C-EBFA-4293-A880-E68E1ED1C522}.Debug|x86.ActiveCfg = Debug|Any CPU
		{FCBE9E0C-EBFA-4293-A880-E68E1ED1C522}.Debug|x86.Build.0 = Debug|Any CPU
		{FCBE9E0C-EBFA-4293-A880-E68E1ED1C522}.Release|Any CPU.ActiveCfg = Release|Any CPU
		{FCBE9E0C-EBFA-4293-A880-E68E1ED1C522}.Release|Any CPU.Build.0 = Release|Any CPU
		{FCBE9E0C-EBFA-4293-A880-E68E1ED1C522}.Release|x64.ActiveCfg = Release|Any CPU
		{FCBE9E0C-EBFA-4293-A880-E68E1ED1C522}.Release|x64.Build.0 = Release|Any CPU
		{FCBE9E0C-EBFA-4293-A880-E68E1ED1C522}.Release|x86.ActiveCfg = Release|Any CPU
		{FCBE9E0C-EBFA-4293-A880-E68E1ED1C522}.Release|x86.Build.0 = Release|Any CPU
	EndGlobalSection
	GlobalSection(SolutionProperties) = preSolution
		HideSolutionNode = FALSE
	EndGlobalSection
	GlobalSection(NestedProjects) = preSolution
		{324F29FE-2F77-4BC2-9BDC-A2B35D5B1BA9} = {02A5BB00-4CDA-11EC-B1AD-CF229752EAE8}
		{BA18C2B2-6336-413D-80A1-4659FB5924E7} = {C81DBC4C-42A2-46FB-9FA4-E92B0491B10A}
		{0A2E1064-EA82-45FD-BEEF-BC92363A8FD9} = {EC7CA729-A36C-4C7B-8689-431B062BF0DE}
		{15120ABF-33BF-4A08-8479-10D83A3092F6} = {EC7CA729-A36C-4C7B-8689-431B062BF0DE}
		{1A3BA5C3-B6AA-4165-BC62-7DF4936B76CF} = {4B49AAFF-235A-4D91-BC9F-D51FFEF6D3E5}
		{06AE80A9-FC88-45B9-9163-4AA52AB57F82} = {4B49AAFF-235A-4D91-BC9F-D51FFEF6D3E5}
		{A325627B-86F6-4CC1-83EA-D6ADF0FF4B2E} = {EDEA9239-750D-46D1-BC49-B63948061B2B}
		{EB438FF3-02D3-44E6-A572-A60C000C0A54} = {EDEA9239-750D-46D1-BC49-B63948061B2B}
		{3B656115-804A-429D-93F9-525607E1F984} = {4B49AAFF-235A-4D91-BC9F-D51FFEF6D3E5}
		{70313DF3-B407-4FC7-824B-13C3BFB719DB} = {C81DBC4C-42A2-46FB-9FA4-E92B0491B10A}
		{337F3867-1D93-4959-9310-DEC3F79FA8C2} = {EC7CA729-A36C-4C7B-8689-431B062BF0DE}
		{86A8AC7B-AB66-4558-A208-3A18EEB503C7} = {EC7CA729-A36C-4C7B-8689-431B062BF0DE}
		{50896C2E-2887-4ED8-B907-66BBB29E505D} = {FD7F4DC8-9C67-4E66-BD16-9745CDE2C93A}
		{9D0034ED-2228-427B-BF08-7614C1312E05} = {A17D3E48-A0CD-48F8-B73A-52B36F0C2F9C}
		{FFB46013-9CE5-44B4-87FA-313767AEC075} = {A17D3E48-A0CD-48F8-B73A-52B36F0C2F9C}
		{B00F8963-0DD6-49BE-BA8B-3C2121E77105} = {A17D3E48-A0CD-48F8-B73A-52B36F0C2F9C}
		{89256F64-BFF3-4F52-BF58-49F8C3AE7A7E} = {FAD75C27-6A4D-4C6B-B5F0-8E60005D8CEB}
		{183D5399-16D8-44CC-AD7C-65CF45D98CB1} = {FAD75C27-6A4D-4C6B-B5F0-8E60005D8CEB}
		{32E37ECF-DFA0-4D5C-89F5-4136B466A322} = {FAD75C27-6A4D-4C6B-B5F0-8E60005D8CEB}
		{0B035BEC-7492-4D1D-90FE-FEB6CD681900} = {FAD75C27-6A4D-4C6B-B5F0-8E60005D8CEB}
		{73A41427-9EDF-4A24-B145-86BA6799F014} = {FAD75C27-6A4D-4C6B-B5F0-8E60005D8CEB}
		{A791365C-04A4-4064-AE95-F4974BB8CB34} = {4FDCC2A0-46DC-11EC-BC3E-AF7DFFB3ECD5}
		{7FEC01F2-B120-4628-90E3-1642BBDEC54B} = {C0023841-3C73-40CE-AE16-F83C512781AE}
		{871A5CC1-7014-4B69-96E6-4711509EB077} = {C0023841-3C73-40CE-AE16-F83C512781AE}
		{3339B372-2CA6-4605-B760-31EF817B2D54} = {C81DBC4C-42A2-46FB-9FA4-E92B0491B10A}
		{FCBE9E0C-EBFA-4293-A880-E68E1ED1C522} = {C81DBC4C-42A2-46FB-9FA4-E92B0491B10A}
	EndGlobalSection
	GlobalSection(ExtensibilityGlobals) = postSolution
		SolutionGuid = {168EC689-C008-4589-95F0-6030A3264703}
	EndGlobalSection
EndGlobal
