
Microsoft Visual Studio Solution File, Format Version 12.00
# Visual Studio Version 16
VisualStudioVersion = 16.6.30114.105
MinimumVisualStudioVersion = 10.0.40219.1
Project("{FAE04EC0-301F-11D3-BF4B-00C04F79EFBC}") = "FluentValidation", "FluentValidation\FluentValidation-Sample.csproj", "{BA18C2B2-6336-413D-80A1-4659FB5924E7}"
EndProject
Project("{FAE04EC0-301F-11D3-BF4B-00C04F79EFBC}") = "FluentDateTime", "FluentDateTime\FluentDateTime-Sample.csproj", "{0A2E1064-EA82-45FD-BEEF-BC92363A8FD9}"
EndProject
Project("{FAE04EC0-301F-11D3-BF4B-00C04F79EFBC}") = "Humanizer", "Humanizer\Humanizer-Sample.csproj", "{15120ABF-33BF-4A08-8479-10D83A3092F6}"
EndProject
Project("{FAE04EC0-301F-11D3-BF4B-00C04F79EFBC}") = "LangFeatures", "LangFeatures\LangFeatures-Sample.csproj", "{FB4E8D44-9168-4CDC-9789-5C8368253B8D}"
EndProject
Project("{FAE04EC0-301F-11D3-BF4B-00C04F79EFBC}") = "FlurlHttp", "FlurlHttp\FlurlHttp-Sample.csproj", "{1A3BA5C3-B6AA-4165-BC62-7DF4936B76CF}"
EndProject
Project("{FAE04EC0-301F-11D3-BF4B-00C04F79EFBC}") = "Refit", "Refit\Refit-Sample.csproj", "{06AE80A9-FC88-45B9-9163-4AA52AB57F82}"
EndProject
Project("{FAE04EC0-301F-11D3-BF4B-00C04F79EFBC}") = "Mustache", "Mustache\Mustache-Sample.csproj", "{A325627B-86F6-4CC1-83EA-D6ADF0FF4B2E}"
EndProject
Project("{FAE04EC0-301F-11D3-BF4B-00C04F79EFBC}") = "Liquid", "Liquid\Liquid-Sample.csproj", "{EB438FF3-02D3-44E6-A572-A60C000C0A54}"
EndProject
Project("{FAE04EC0-301F-11D3-BF4B-00C04F79EFBC}") = "NSwagStudio", "NSwagStudio\NSwagStudio-Sample.csproj", "{3B656115-804A-429D-93F9-525607E1F984}"
EndProject
Project("{FAE04EC0-301F-11D3-BF4B-00C04F79EFBC}") = "CacheManager", "CacheManager\CacheManager-Sample.csproj", "{70313DF3-B407-4FC7-824B-13C3BFB719DB}"
EndProject
Project("{FAE04EC0-301F-11D3-BF4B-00C04F79EFBC}") = "MaestriaExtensions", "MaestriaExtensions\MaestriaExtensions-Sample.csproj", "{337F3867-1D93-4959-9310-DEC3F79FA8C2}"
EndProject
Project("{FAE04EC0-301F-11D3-BF4B-00C04F79EFBC}") = "MaestriaFluentCast", "MaestriaFluentCast\MaestriaFluentCast-Sample.csproj", "{86A8AC7B-AB66-4558-A208-3A18EEB503C7}"
EndProject
Global
	GlobalSection(SolutionConfigurationPlatforms) = preSolution
		Debug|Any CPU = Debug|Any CPU
		Debug|x64 = Debug|x64
		Debug|x86 = Debug|x86
		Release|Any CPU = Release|Any CPU
		Release|x64 = Release|x64
		Release|x86 = Release|x86
	EndGlobalSection
	GlobalSection(SolutionProperties) = preSolution
		HideSolutionNode = FALSE
	EndGlobalSection
	GlobalSection(ProjectConfigurationPlatforms) = postSolution
		{4F4C48CD-27E9-49D8-B27C-98C8A6D0D394}.Debug|Any CPU.ActiveCfg = Debug|Any CPU
		{4F4C48CD-27E9-49D8-B27C-98C8A6D0D394}.Debug|Any CPU.Build.0 = Debug|Any CPU
		{4F4C48CD-27E9-49D8-B27C-98C8A6D0D394}.Debug|x64.ActiveCfg = Debug|Any CPU
		{4F4C48CD-27E9-49D8-B27C-98C8A6D0D394}.Debug|x64.Build.0 = Debug|Any CPU
		{4F4C48CD-27E9-49D8-B27C-98C8A6D0D394}.Debug|x86.ActiveCfg = Debug|Any CPU
		{4F4C48CD-27E9-49D8-B27C-98C8A6D0D394}.Debug|x86.Build.0 = Debug|Any CPU
		{4F4C48CD-27E9-49D8-B27C-98C8A6D0D394}.Release|Any CPU.ActiveCfg = Release|Any CPU
		{4F4C48CD-27E9-49D8-B27C-98C8A6D0D394}.Release|Any CPU.Build.0 = Release|Any CPU
		{4F4C48CD-27E9-49D8-B27C-98C8A6D0D394}.Release|x64.ActiveCfg = Release|Any CPU
		{4F4C48CD-27E9-49D8-B27C-98C8A6D0D394}.Release|x64.Build.0 = Release|Any CPU
		{4F4C48CD-27E9-49D8-B27C-98C8A6D0D394}.Release|x86.ActiveCfg = Release|Any CPU
		{4F4C48CD-27E9-49D8-B27C-98C8A6D0D394}.Release|x86.Build.0 = Release|Any CPU
		{BA18C2B2-6336-413D-80A1-4659FB5924E7}.Debug|Any CPU.ActiveCfg = Debug|Any CPU
		{BA18C2B2-6336-413D-80A1-4659FB5924E7}.Debug|Any CPU.Build.0 = Debug|Any CPU
		{BA18C2B2-6336-413D-80A1-4659FB5924E7}.Debug|x64.ActiveCfg = Debug|Any CPU
		{BA18C2B2-6336-413D-80A1-4659FB5924E7}.Debug|x64.Build.0 = Debug|Any CPU
		{BA18C2B2-6336-413D-80A1-4659FB5924E7}.Debug|x86.ActiveCfg = Debug|Any CPU
		{BA18C2B2-6336-413D-80A1-4659FB5924E7}.Debug|x86.Build.0 = Debug|Any CPU
		{BA18C2B2-6336-413D-80A1-4659FB5924E7}.Release|Any CPU.ActiveCfg = Release|Any CPU
		{BA18C2B2-6336-413D-80A1-4659FB5924E7}.Release|Any CPU.Build.0 = Release|Any CPU
		{BA18C2B2-6336-413D-80A1-4659FB5924E7}.Release|x64.ActiveCfg = Release|Any CPU
		{BA18C2B2-6336-413D-80A1-4659FB5924E7}.Release|x64.Build.0 = Release|Any CPU
		{BA18C2B2-6336-413D-80A1-4659FB5924E7}.Release|x86.ActiveCfg = Release|Any CPU
		{BA18C2B2-6336-413D-80A1-4659FB5924E7}.Release|x86.Build.0 = Release|Any CPU
		{0A2E1064-EA82-45FD-BEEF-BC92363A8FD9}.Debug|Any CPU.ActiveCfg = Debug|Any CPU
		{0A2E1064-EA82-45FD-BEEF-BC92363A8FD9}.Debug|Any CPU.Build.0 = Debug|Any CPU
		{0A2E1064-EA82-45FD-BEEF-BC92363A8FD9}.Debug|x64.ActiveCfg = Debug|Any CPU
		{0A2E1064-EA82-45FD-BEEF-BC92363A8FD9}.Debug|x64.Build.0 = Debug|Any CPU
		{0A2E1064-EA82-45FD-BEEF-BC92363A8FD9}.Debug|x86.ActiveCfg = Debug|Any CPU
		{0A2E1064-EA82-45FD-BEEF-BC92363A8FD9}.Debug|x86.Build.0 = Debug|Any CPU
		{0A2E1064-EA82-45FD-BEEF-BC92363A8FD9}.Release|Any CPU.ActiveCfg = Release|Any CPU
		{0A2E1064-EA82-45FD-BEEF-BC92363A8FD9}.Release|Any CPU.Build.0 = Release|Any CPU
		{0A2E1064-EA82-45FD-BEEF-BC92363A8FD9}.Release|x64.ActiveCfg = Release|Any CPU
		{0A2E1064-EA82-45FD-BEEF-BC92363A8FD9}.Release|x64.Build.0 = Release|Any CPU
		{0A2E1064-EA82-45FD-BEEF-BC92363A8FD9}.Release|x86.ActiveCfg = Release|Any CPU
		{0A2E1064-EA82-45FD-BEEF-BC92363A8FD9}.Release|x86.Build.0 = Release|Any CPU
		{15120ABF-33BF-4A08-8479-10D83A3092F6}.Debug|Any CPU.ActiveCfg = Debug|Any CPU
		{15120ABF-33BF-4A08-8479-10D83A3092F6}.Debug|Any CPU.Build.0 = Debug|Any CPU
		{15120ABF-33BF-4A08-8479-10D83A3092F6}.Debug|x64.ActiveCfg = Debug|Any CPU
		{15120ABF-33BF-4A08-8479-10D83A3092F6}.Debug|x64.Build.0 = Debug|Any CPU
		{15120ABF-33BF-4A08-8479-10D83A3092F6}.Debug|x86.ActiveCfg = Debug|Any CPU
		{15120ABF-33BF-4A08-8479-10D83A3092F6}.Debug|x86.Build.0 = Debug|Any CPU
		{15120ABF-33BF-4A08-8479-10D83A3092F6}.Release|Any CPU.ActiveCfg = Release|Any CPU
		{15120ABF-33BF-4A08-8479-10D83A3092F6}.Release|Any CPU.Build.0 = Release|Any CPU
		{15120ABF-33BF-4A08-8479-10D83A3092F6}.Release|x64.ActiveCfg = Release|Any CPU
		{15120ABF-33BF-4A08-8479-10D83A3092F6}.Release|x64.Build.0 = Release|Any CPU
		{15120ABF-33BF-4A08-8479-10D83A3092F6}.Release|x86.ActiveCfg = Release|Any CPU
		{15120ABF-33BF-4A08-8479-10D83A3092F6}.Release|x86.Build.0 = Release|Any CPU
		{FB4E8D44-9168-4CDC-9789-5C8368253B8D}.Debug|Any CPU.ActiveCfg = Debug|Any CPU
		{FB4E8D44-9168-4CDC-9789-5C8368253B8D}.Debug|Any CPU.Build.0 = Debug|Any CPU
		{FB4E8D44-9168-4CDC-9789-5C8368253B8D}.Debug|x64.ActiveCfg = Debug|Any CPU
		{FB4E8D44-9168-4CDC-9789-5C8368253B8D}.Debug|x64.Build.0 = Debug|Any CPU
		{FB4E8D44-9168-4CDC-9789-5C8368253B8D}.Debug|x86.ActiveCfg = Debug|Any CPU
		{FB4E8D44-9168-4CDC-9789-5C8368253B8D}.Debug|x86.Build.0 = Debug|Any CPU
		{FB4E8D44-9168-4CDC-9789-5C8368253B8D}.Release|Any CPU.ActiveCfg = Release|Any CPU
		{FB4E8D44-9168-4CDC-9789-5C8368253B8D}.Release|Any CPU.Build.0 = Release|Any CPU
		{FB4E8D44-9168-4CDC-9789-5C8368253B8D}.Release|x64.ActiveCfg = Release|Any CPU
		{FB4E8D44-9168-4CDC-9789-5C8368253B8D}.Release|x64.Build.0 = Release|Any CPU
		{FB4E8D44-9168-4CDC-9789-5C8368253B8D}.Release|x86.ActiveCfg = Release|Any CPU
		{FB4E8D44-9168-4CDC-9789-5C8368253B8D}.Release|x86.Build.0 = Release|Any CPU
		{1A3BA5C3-B6AA-4165-BC62-7DF4936B76CF}.Debug|Any CPU.ActiveCfg = Debug|Any CPU
		{1A3BA5C3-B6AA-4165-BC62-7DF4936B76CF}.Debug|Any CPU.Build.0 = Debug|Any CPU
		{1A3BA5C3-B6AA-4165-BC62-7DF4936B76CF}.Debug|x64.ActiveCfg = Debug|Any CPU
		{1A3BA5C3-B6AA-4165-BC62-7DF4936B76CF}.Debug|x64.Build.0 = Debug|Any CPU
		{1A3BA5C3-B6AA-4165-BC62-7DF4936B76CF}.Debug|x86.ActiveCfg = Debug|Any CPU
		{1A3BA5C3-B6AA-4165-BC62-7DF4936B76CF}.Debug|x86.Build.0 = Debug|Any CPU
		{1A3BA5C3-B6AA-4165-BC62-7DF4936B76CF}.Release|Any CPU.ActiveCfg = Release|Any CPU
		{1A3BA5C3-B6AA-4165-BC62-7DF4936B76CF}.Release|Any CPU.Build.0 = Release|Any CPU
		{1A3BA5C3-B6AA-4165-BC62-7DF4936B76CF}.Release|x64.ActiveCfg = Release|Any CPU
		{1A3BA5C3-B6AA-4165-BC62-7DF4936B76CF}.Release|x64.Build.0 = Release|Any CPU
		{1A3BA5C3-B6AA-4165-BC62-7DF4936B76CF}.Release|x86.ActiveCfg = Release|Any CPU
		{1A3BA5C3-B6AA-4165-BC62-7DF4936B76CF}.Release|x86.Build.0 = Release|Any CPU
		{06AE80A9-FC88-45B9-9163-4AA52AB57F82}.Debug|Any CPU.ActiveCfg = Debug|Any CPU
		{06AE80A9-FC88-45B9-9163-4AA52AB57F82}.Debug|Any CPU.Build.0 = Debug|Any CPU
		{06AE80A9-FC88-45B9-9163-4AA52AB57F82}.Debug|x64.ActiveCfg = Debug|Any CPU
		{06AE80A9-FC88-45B9-9163-4AA52AB57F82}.Debug|x64.Build.0 = Debug|Any CPU
		{06AE80A9-FC88-45B9-9163-4AA52AB57F82}.Debug|x86.ActiveCfg = Debug|Any CPU
		{06AE80A9-FC88-45B9-9163-4AA52AB57F82}.Debug|x86.Build.0 = Debug|Any CPU
		{06AE80A9-FC88-45B9-9163-4AA52AB57F82}.Release|Any CPU.ActiveCfg = Release|Any CPU
		{06AE80A9-FC88-45B9-9163-4AA52AB57F82}.Release|Any CPU.Build.0 = Release|Any CPU
		{06AE80A9-FC88-45B9-9163-4AA52AB57F82}.Release|x64.ActiveCfg = Release|Any CPU
		{06AE80A9-FC88-45B9-9163-4AA52AB57F82}.Release|x64.Build.0 = Release|Any CPU
		{06AE80A9-FC88-45B9-9163-4AA52AB57F82}.Release|x86.ActiveCfg = Release|Any CPU
		{06AE80A9-FC88-45B9-9163-4AA52AB57F82}.Release|x86.Build.0 = Release|Any CPU
		{A325627B-86F6-4CC1-83EA-D6ADF0FF4B2E}.Debug|Any CPU.ActiveCfg = Debug|Any CPU
		{A325627B-86F6-4CC1-83EA-D6ADF0FF4B2E}.Debug|Any CPU.Build.0 = Debug|Any CPU
		{A325627B-86F6-4CC1-83EA-D6ADF0FF4B2E}.Debug|x64.ActiveCfg = Debug|Any CPU
		{A325627B-86F6-4CC1-83EA-D6ADF0FF4B2E}.Debug|x64.Build.0 = Debug|Any CPU
		{A325627B-86F6-4CC1-83EA-D6ADF0FF4B2E}.Debug|x86.ActiveCfg = Debug|Any CPU
		{A325627B-86F6-4CC1-83EA-D6ADF0FF4B2E}.Debug|x86.Build.0 = Debug|Any CPU
		{A325627B-86F6-4CC1-83EA-D6ADF0FF4B2E}.Release|Any CPU.ActiveCfg = Release|Any CPU
		{A325627B-86F6-4CC1-83EA-D6ADF0FF4B2E}.Release|Any CPU.Build.0 = Release|Any CPU
		{A325627B-86F6-4CC1-83EA-D6ADF0FF4B2E}.Release|x64.ActiveCfg = Release|Any CPU
		{A325627B-86F6-4CC1-83EA-D6ADF0FF4B2E}.Release|x64.Build.0 = Release|Any CPU
		{A325627B-86F6-4CC1-83EA-D6ADF0FF4B2E}.Release|x86.ActiveCfg = Release|Any CPU
		{A325627B-86F6-4CC1-83EA-D6ADF0FF4B2E}.Release|x86.Build.0 = Release|Any CPU
		{EB438FF3-02D3-44E6-A572-A60C000C0A54}.Debug|Any CPU.ActiveCfg = Debug|Any CPU
		{EB438FF3-02D3-44E6-A572-A60C000C0A54}.Debug|Any CPU.Build.0 = Debug|Any CPU
		{EB438FF3-02D3-44E6-A572-A60C000C0A54}.Debug|x64.ActiveCfg = Debug|Any CPU
		{EB438FF3-02D3-44E6-A572-A60C000C0A54}.Debug|x64.Build.0 = Debug|Any CPU
		{EB438FF3-02D3-44E6-A572-A60C000C0A54}.Debug|x86.ActiveCfg = Debug|Any CPU
		{EB438FF3-02D3-44E6-A572-A60C000C0A54}.Debug|x86.Build.0 = Debug|Any CPU
		{EB438FF3-02D3-44E6-A572-A60C000C0A54}.Release|Any CPU.ActiveCfg = Release|Any CPU
		{EB438FF3-02D3-44E6-A572-A60C000C0A54}.Release|Any CPU.Build.0 = Release|Any CPU
		{EB438FF3-02D3-44E6-A572-A60C000C0A54}.Release|x64.ActiveCfg = Release|Any CPU
		{EB438FF3-02D3-44E6-A572-A60C000C0A54}.Release|x64.Build.0 = Release|Any CPU
		{EB438FF3-02D3-44E6-A572-A60C000C0A54}.Release|x86.ActiveCfg = Release|Any CPU
		{EB438FF3-02D3-44E6-A572-A60C000C0A54}.Release|x86.Build.0 = Release|Any CPU
		{3B656115-804A-429D-93F9-525607E1F984}.Debug|Any CPU.ActiveCfg = Debug|Any CPU
		{3B656115-804A-429D-93F9-525607E1F984}.Debug|Any CPU.Build.0 = Debug|Any CPU
		{3B656115-804A-429D-93F9-525607E1F984}.Debug|x64.ActiveCfg = Debug|Any CPU
		{3B656115-804A-429D-93F9-525607E1F984}.Debug|x64.Build.0 = Debug|Any CPU
		{3B656115-804A-429D-93F9-525607E1F984}.Debug|x86.ActiveCfg = Debug|Any CPU
		{3B656115-804A-429D-93F9-525607E1F984}.Debug|x86.Build.0 = Debug|Any CPU
		{3B656115-804A-429D-93F9-525607E1F984}.Release|Any CPU.ActiveCfg = Release|Any CPU
		{3B656115-804A-429D-93F9-525607E1F984}.Release|Any CPU.Build.0 = Release|Any CPU
		{3B656115-804A-429D-93F9-525607E1F984}.Release|x64.ActiveCfg = Release|Any CPU
		{3B656115-804A-429D-93F9-525607E1F984}.Release|x64.Build.0 = Release|Any CPU
		{3B656115-804A-429D-93F9-525607E1F984}.Release|x86.ActiveCfg = Release|Any CPU
		{3B656115-804A-429D-93F9-525607E1F984}.Release|x86.Build.0 = Release|Any CPU
		{70313DF3-B407-4FC7-824B-13C3BFB719DB}.Debug|Any CPU.ActiveCfg = Debug|Any CPU
		{70313DF3-B407-4FC7-824B-13C3BFB719DB}.Debug|Any CPU.Build.0 = Debug|Any CPU
		{70313DF3-B407-4FC7-824B-13C3BFB719DB}.Debug|x64.ActiveCfg = Debug|Any CPU
		{70313DF3-B407-4FC7-824B-13C3BFB719DB}.Debug|x64.Build.0 = Debug|Any CPU
		{70313DF3-B407-4FC7-824B-13C3BFB719DB}.Debug|x86.ActiveCfg = Debug|Any CPU
		{70313DF3-B407-4FC7-824B-13C3BFB719DB}.Debug|x86.Build.0 = Debug|Any CPU
		{70313DF3-B407-4FC7-824B-13C3BFB719DB}.Release|Any CPU.ActiveCfg = Release|Any CPU
		{70313DF3-B407-4FC7-824B-13C3BFB719DB}.Release|Any CPU.Build.0 = Release|Any CPU
		{70313DF3-B407-4FC7-824B-13C3BFB719DB}.Release|x64.ActiveCfg = Release|Any CPU
		{70313DF3-B407-4FC7-824B-13C3BFB719DB}.Release|x64.Build.0 = Release|Any CPU
		{70313DF3-B407-4FC7-824B-13C3BFB719DB}.Release|x86.ActiveCfg = Release|Any CPU
		{70313DF3-B407-4FC7-824B-13C3BFB719DB}.Release|x86.Build.0 = Release|Any CPU
		{337F3867-1D93-4959-9310-DEC3F79FA8C2}.Debug|Any CPU.ActiveCfg = Debug|Any CPU
		{337F3867-1D93-4959-9310-DEC3F79FA8C2}.Debug|Any CPU.Build.0 = Debug|Any CPU
		{337F3867-1D93-4959-9310-DEC3F79FA8C2}.Debug|x64.ActiveCfg = Debug|Any CPU
		{337F3867-1D93-4959-9310-DEC3F79FA8C2}.Debug|x64.Build.0 = Debug|Any CPU
		{337F3867-1D93-4959-9310-DEC3F79FA8C2}.Debug|x86.ActiveCfg = Debug|Any CPU
		{337F3867-1D93-4959-9310-DEC3F79FA8C2}.Debug|x86.Build.0 = Debug|Any CPU
		{337F3867-1D93-4959-9310-DEC3F79FA8C2}.Release|Any CPU.ActiveCfg = Release|Any CPU
		{337F3867-1D93-4959-9310-DEC3F79FA8C2}.Release|Any CPU.Build.0 = Release|Any CPU
		{337F3867-1D93-4959-9310-DEC3F79FA8C2}.Release|x64.ActiveCfg = Release|Any CPU
		{337F3867-1D93-4959-9310-DEC3F79FA8C2}.Release|x64.Build.0 = Release|Any CPU
		{337F3867-1D93-4959-9310-DEC3F79FA8C2}.Release|x86.ActiveCfg = Release|Any CPU
		{337F3867-1D93-4959-9310-DEC3F79FA8C2}.Release|x86.Build.0 = Release|Any CPU
		{86A8AC7B-AB66-4558-A208-3A18EEB503C7}.Debug|Any CPU.ActiveCfg = Debug|Any CPU
		{86A8AC7B-AB66-4558-A208-3A18EEB503C7}.Debug|Any CPU.Build.0 = Debug|Any CPU
		{86A8AC7B-AB66-4558-A208-3A18EEB503C7}.Debug|x64.ActiveCfg = Debug|Any CPU
		{86A8AC7B-AB66-4558-A208-3A18EEB503C7}.Debug|x64.Build.0 = Debug|Any CPU
		{86A8AC7B-AB66-4558-A208-3A18EEB503C7}.Debug|x86.ActiveCfg = Debug|Any CPU
		{86A8AC7B-AB66-4558-A208-3A18EEB503C7}.Debug|x86.Build.0 = Debug|Any CPU
		{86A8AC7B-AB66-4558-A208-3A18EEB503C7}.Release|Any CPU.ActiveCfg = Release|Any CPU
		{86A8AC7B-AB66-4558-A208-3A18EEB503C7}.Release|Any CPU.Build.0 = Release|Any CPU
		{86A8AC7B-AB66-4558-A208-3A18EEB503C7}.Release|x64.ActiveCfg = Release|Any CPU
		{86A8AC7B-AB66-4558-A208-3A18EEB503C7}.Release|x64.Build.0 = Release|Any CPU
		{86A8AC7B-AB66-4558-A208-3A18EEB503C7}.Release|x86.ActiveCfg = Release|Any CPU
		{86A8AC7B-AB66-4558-A208-3A18EEB503C7}.Release|x86.Build.0 = Release|Any CPU
	EndGlobalSection
	GlobalSection(NestedProjects) = preSolution
	EndGlobalSection
EndGlobal
