
Microsoft Visual Studio Solution File, Format Version 12.00
# Visual Studio Version 16
VisualStudioVersion = 16.6.30114.105
MinimumVisualStudioVersion = 10.0.40219.1
Project("{FAE04EC0-301F-11D3-BF4B-00C04F79EFBC}") = "FluentValidation", "FluentValidation\FluentValidation-Sample.csproj", "{BA18C2B2-6336-413D-80A1-4659FB5924E7}"
EndProject
Project("{FAE04EC0-301F-11D3-BF4B-00C04F79EFBC}") = "FluentDateTime", "FluentDateTime\FluentDateTime-Sample.csproj", "{0A2E1064-EA82-45FD-BEEF-BC92363A8FD9}"
EndProject
Project("{FAE04EC0-301F-11D3-BF4B-00C04F79EFBC}") = "Humanizer-Sample", "Humanizer\Humanizer-Sample.csproj", "{15120ABF-33BF-4A08-8479-10D83A3092F6}"
EndProject
Project("{FAE04EC0-301F-11D3-BF4B-00C04F79EFBC}") = "LangFeatures-Sample", "LangFeatures\LangFeatures-Sample.csproj", "{FB4E8D44-9168-4CDC-9789-5C8368253B8D}"
EndProject
Project("{FAE04EC0-301F-11D3-BF4B-00C04F79EFBC}") = "FlurlHttp-Sample", "FlurlHttp\FlurlHttp-Sample.csproj", "{1A3BA5C3-B6AA-4165-BC62-7DF4936B76CF}"
EndProject
Global
	GlobalSection(SolutionConfigurationPlatforms) = preSolution
		Debug|Any CPU = Debug|Any CPU
		Debug|x64 = Debug|x64
		Debug|x86 = Debug|x86
		Release|Any CPU = Release|Any CPU
		Release|x64 = Release|x64
		Release|x86 = Release|x86
	EndGlobalSection
	GlobalSection(SolutionProperties) = preSolution
		HideSolutionNode = FALSE
	EndGlobalSection
	GlobalSection(ProjectConfigurationPlatforms) = postSolution
		{4F4C48CD-27E9-49D8-B27C-98C8A6D0D394}.Debug|Any CPU.ActiveCfg = Debug|Any CPU
		{4F4C48CD-27E9-49D8-B27C-98C8A6D0D394}.Debug|Any CPU.Build.0 = Debug|Any CPU
		{4F4C48CD-27E9-49D8-B27C-98C8A6D0D394}.Debug|x64.ActiveCfg = Debug|Any CPU
		{4F4C48CD-27E9-49D8-B27C-98C8A6D0D394}.Debug|x64.Build.0 = Debug|Any CPU
		{4F4C48CD-27E9-49D8-B27C-98C8A6D0D394}.Debug|x86.ActiveCfg = Debug|Any CPU
		{4F4C48CD-27E9-49D8-B27C-98C8A6D0D394}.Debug|x86.Build.0 = Debug|Any CPU
		{4F4C48CD-27E9-49D8-B27C-98C8A6D0D394}.Release|Any CPU.ActiveCfg = Release|Any CPU
		{4F4C48CD-27E9-49D8-B27C-98C8A6D0D394}.Release|Any CPU.Build.0 = Release|Any CPU
		{4F4C48CD-27E9-49D8-B27C-98C8A6D0D394}.Release|x64.ActiveCfg = Release|Any CPU
		{4F4C48CD-27E9-49D8-B27C-98C8A6D0D394}.Release|x64.Build.0 = Release|Any CPU
		{4F4C48CD-27E9-49D8-B27C-98C8A6D0D394}.Release|x86.ActiveCfg = Release|Any CPU
		{4F4C48CD-27E9-49D8-B27C-98C8A6D0D394}.Release|x86.Build.0 = Release|Any CPU
		{BA18C2B2-6336-413D-80A1-4659FB5924E7}.Debug|Any CPU.ActiveCfg = Debug|Any CPU
		{BA18C2B2-6336-413D-80A1-4659FB5924E7}.Debug|Any CPU.Build.0 = Debug|Any CPU
		{BA18C2B2-6336-413D-80A1-4659FB5924E7}.Debug|x64.ActiveCfg = Debug|Any CPU
		{BA18C2B2-6336-413D-80A1-4659FB5924E7}.Debug|x64.Build.0 = Debug|Any CPU
		{BA18C2B2-6336-413D-80A1-4659FB5924E7}.Debug|x86.ActiveCfg = Debug|Any CPU
		{BA18C2B2-6336-413D-80A1-4659FB5924E7}.Debug|x86.Build.0 = Debug|Any CPU
		{BA18C2B2-6336-413D-80A1-4659FB5924E7}.Release|Any CPU.ActiveCfg = Release|Any CPU
		{BA18C2B2-6336-413D-80A1-4659FB5924E7}.Release|Any CPU.Build.0 = Release|Any CPU
		{BA18C2B2-6336-413D-80A1-4659FB5924E7}.Release|x64.ActiveCfg = Release|Any CPU
		{BA18C2B2-6336-413D-80A1-4659FB5924E7}.Release|x64.Build.0 = Release|Any CPU
		{BA18C2B2-6336-413D-80A1-4659FB5924E7}.Release|x86.ActiveCfg = Release|Any CPU
		{BA18C2B2-6336-413D-80A1-4659FB5924E7}.Release|x86.Build.0 = Release|Any CPU
		{0A2E1064-EA82-45FD-BEEF-BC92363A8FD9}.Debug|Any CPU.ActiveCfg = Debug|Any CPU
		{0A2E1064-EA82-45FD-BEEF-BC92363A8FD9}.Debug|Any CPU.Build.0 = Debug|Any CPU
		{0A2E1064-EA82-45FD-BEEF-BC92363A8FD9}.Debug|x64.ActiveCfg = Debug|Any CPU
		{0A2E1064-EA82-45FD-BEEF-BC92363A8FD9}.Debug|x64.Build.0 = Debug|Any CPU
		{0A2E1064-EA82-45FD-BEEF-BC92363A8FD9}.Debug|x86.ActiveCfg = Debug|Any CPU
		{0A2E1064-EA82-45FD-BEEF-BC92363A8FD9}.Debug|x86.Build.0 = Debug|Any CPU
		{0A2E1064-EA82-45FD-BEEF-BC92363A8FD9}.Release|Any CPU.ActiveCfg = Release|Any CPU
		{0A2E1064-EA82-45FD-BEEF-BC92363A8FD9}.Release|Any CPU.Build.0 = Release|Any CPU
		{0A2E1064-EA82-45FD-BEEF-BC92363A8FD9}.Release|x64.ActiveCfg = Release|Any CPU
		{0A2E1064-EA82-45FD-BEEF-BC92363A8FD9}.Release|x64.Build.0 = Release|Any CPU
		{0A2E1064-EA82-45FD-BEEF-BC92363A8FD9}.Release|x86.ActiveCfg = Release|Any CPU
		{0A2E1064-EA82-45FD-BEEF-BC92363A8FD9}.Release|x86.Build.0 = Release|Any CPU
		{15120ABF-33BF-4A08-8479-10D83A3092F6}.Debug|Any CPU.ActiveCfg = Debug|Any CPU
		{15120ABF-33BF-4A08-8479-10D83A3092F6}.Debug|Any CPU.Build.0 = Debug|Any CPU
		{15120ABF-33BF-4A08-8479-10D83A3092F6}.Debug|x64.ActiveCfg = Debug|Any CPU
		{15120ABF-33BF-4A08-8479-10D83A3092F6}.Debug|x64.Build.0 = Debug|Any CPU
		{15120ABF-33BF-4A08-8479-10D83A3092F6}.Debug|x86.ActiveCfg = Debug|Any CPU
		{15120ABF-33BF-4A08-8479-10D83A3092F6}.Debug|x86.Build.0 = Debug|Any CPU
		{15120ABF-33BF-4A08-8479-10D83A3092F6}.Release|Any CPU.ActiveCfg = Release|Any CPU
		{15120ABF-33BF-4A08-8479-10D83A3092F6}.Release|Any CPU.Build.0 = Release|Any CPU
		{15120ABF-33BF-4A08-8479-10D83A3092F6}.Release|x64.ActiveCfg = Release|Any CPU
		{15120ABF-33BF-4A08-8479-10D83A3092F6}.Release|x64.Build.0 = Release|Any CPU
		{15120ABF-33BF-4A08-8479-10D83A3092F6}.Release|x86.ActiveCfg = Release|Any CPU
		{15120ABF-33BF-4A08-8479-10D83A3092F6}.Release|x86.Build.0 = Release|Any CPU
		{FB4E8D44-9168-4CDC-9789-5C8368253B8D}.Debug|Any CPU.ActiveCfg = Debug|Any CPU
		{FB4E8D44-9168-4CDC-9789-5C8368253B8D}.Debug|Any CPU.Build.0 = Debug|Any CPU
		{FB4E8D44-9168-4CDC-9789-5C8368253B8D}.Debug|x64.ActiveCfg = Debug|Any CPU
		{FB4E8D44-9168-4CDC-9789-5C8368253B8D}.Debug|x64.Build.0 = Debug|Any CPU
		{FB4E8D44-9168-4CDC-9789-5C8368253B8D}.Debug|x86.ActiveCfg = Debug|Any CPU
		{FB4E8D44-9168-4CDC-9789-5C8368253B8D}.Debug|x86.Build.0 = Debug|Any CPU
		{FB4E8D44-9168-4CDC-9789-5C8368253B8D}.Release|Any CPU.ActiveCfg = Release|Any CPU
		{FB4E8D44-9168-4CDC-9789-5C8368253B8D}.Release|Any CPU.Build.0 = Release|Any CPU
		{FB4E8D44-9168-4CDC-9789-5C8368253B8D}.Release|x64.ActiveCfg = Release|Any CPU
		{FB4E8D44-9168-4CDC-9789-5C8368253B8D}.Release|x64.Build.0 = Release|Any CPU
		{FB4E8D44-9168-4CDC-9789-5C8368253B8D}.Release|x86.ActiveCfg = Release|Any CPU
		{FB4E8D44-9168-4CDC-9789-5C8368253B8D}.Release|x86.Build.0 = Release|Any CPU
		{1A3BA5C3-B6AA-4165-BC62-7DF4936B76CF}.Debug|Any CPU.ActiveCfg = Debug|Any CPU
		{1A3BA5C3-B6AA-4165-BC62-7DF4936B76CF}.Debug|Any CPU.Build.0 = Debug|Any CPU
		{1A3BA5C3-B6AA-4165-BC62-7DF4936B76CF}.Debug|x64.ActiveCfg = Debug|Any CPU
		{1A3BA5C3-B6AA-4165-BC62-7DF4936B76CF}.Debug|x64.Build.0 = Debug|Any CPU
		{1A3BA5C3-B6AA-4165-BC62-7DF4936B76CF}.Debug|x86.ActiveCfg = Debug|Any CPU
		{1A3BA5C3-B6AA-4165-BC62-7DF4936B76CF}.Debug|x86.Build.0 = Debug|Any CPU
		{1A3BA5C3-B6AA-4165-BC62-7DF4936B76CF}.Release|Any CPU.ActiveCfg = Release|Any CPU
		{1A3BA5C3-B6AA-4165-BC62-7DF4936B76CF}.Release|Any CPU.Build.0 = Release|Any CPU
		{1A3BA5C3-B6AA-4165-BC62-7DF4936B76CF}.Release|x64.ActiveCfg = Release|Any CPU
		{1A3BA5C3-B6AA-4165-BC62-7DF4936B76CF}.Release|x64.Build.0 = Release|Any CPU
		{1A3BA5C3-B6AA-4165-BC62-7DF4936B76CF}.Release|x86.ActiveCfg = Release|Any CPU
		{1A3BA5C3-B6AA-4165-BC62-7DF4936B76CF}.Release|x86.Build.0 = Release|Any CPU
	EndGlobalSection
	GlobalSection(NestedProjects) = preSolution
	EndGlobalSection
EndGlobal
